PODS:
  - Differentiator (3.1.0)
  - Kingfisher (4.10.0)
  - RxBlocking (4.3.1):
    - RxSwift (~> 4.0)
  - RxCocoa (4.3.1):
    - RxSwift (~> 4.0)
  - RxDataSources (3.1.0):
    - Differentiator (~> 3.0)
    - RxCocoa (~> 4.0)
    - RxSwift (~> 4.0)
  - RxSwift (4.3.1)

DEPENDENCIES:
  - Kingfisher (~> 4.8)
  - RxBlocking (~> 4.0)
  - RxCocoa (~> 4.0)
  - RxDataSources (~> 3.0)
  - RxSwift (~> 4.0)

SPEC REPOS:
  https://github.com/cocoapods/specs.git:
    - Differentiator
    - Kingfisher
    - RxBlocking
    - RxCocoa
    - RxDataSources
    - RxSwift

SPEC CHECKSUMS:
  Differentiator: be49ca3408f0ecfc761e4c7763d20c62be01b9ad
  Kingfisher: 43c4b802d8b5256cf1f4379e9cd10b329be6d3e2
  RxBlocking: 64c051285261ca2339481e91b5f70eb06b03660a
  RxCocoa: 78763c7b07d02455598d9fc3c1ad091a28b73635
  RxDataSources: a843bad90c29817f5923ec8163f4af2de084ceb3
  RxSwift: fe0fd770a43acdb7d0a53da411c9b892e69bb6e4

PODFILE CHECKSUM: ef283e4b336195d6311dcec36f5421c641586378

COCOAPODS: 1.5.3
