// !$*UTF8*$!
{
	archiveVersion = 1;
	classes = {
	};
	objectVersion = 48;
	objects = {

/* Begin PBXBuildFile section */
		2DDB8D735F35EDCD9EDD2F34 /* Pods_CleanSwiftApp.framework in Frameworks */ = {isa = PBXBuildFile; fileRef = EF5ACCF08F4032B58916136F /* Pods_CleanSwiftApp.framework */; };
		4514551A2019E7CB00939DC0 /* Post.swift in Sources */ = {isa = PBXBuildFile; fileRef = 451455192019E7CB00939DC0 /* Post.swift */; };
		4514551C2019E84F00939DC0 /* User.swift in Sources */ = {isa = PBXBuildFile; fileRef = 4514551B2019E84F00939DC0 /* User.swift */; };
		4514551F2019E89400939DC0 /* PostsRepository.swift in Sources */ = {isa = PBXBuildFile; fileRef = 4514551E2019E89400939DC0 /* PostsRepository.swift */; };
		451455222019E8E000939DC0 /* FetchPostsWithUserUseCase.swift in Sources */ = {isa = PBXBuildFile; fileRef = 451455212019E8E000939DC0 /* FetchPostsWithUserUseCase.swift */; };
		451455242019E99D00939DC0 /* SingleUseCase.swift in Sources */ = {isa = PBXBuildFile; fileRef = 451455232019E99D00939DC0 /* SingleUseCase.swift */; };
		4514552C2019EF3600939DC0 /* PostsRepository.swift in Sources */ = {isa = PBXBuildFile; fileRef = 4514552B2019EF3600939DC0 /* PostsRepository.swift */; };
		4514553B2019F0D400939DC0 /* Presentation.framework in Frameworks */ = {isa = PBXBuildFile; fileRef = 451455322019F0D400939DC0 /* Presentation.framework */; };
		451455422019F0D400939DC0 /* PresentationTests.swift in Sources */ = {isa = PBXBuildFile; fileRef = 451455412019F0D400939DC0 /* PresentationTests.swift */; };
		451455442019F0D500939DC0 /* Presentation.h in Headers */ = {isa = PBXBuildFile; fileRef = 451455342019F0D400939DC0 /* Presentation.h */; settings = {ATTRIBUTES = (Public, ); }; };
		451455472019F0D500939DC0 /* Presentation.framework in Frameworks */ = {isa = PBXBuildFile; fileRef = 451455322019F0D400939DC0 /* Presentation.framework */; };
		451455482019F0D500939DC0 /* Presentation.framework in Embed Frameworks */ = {isa = PBXBuildFile; fileRef = 451455322019F0D400939DC0 /* Presentation.framework */; settings = {ATTRIBUTES = (CodeSignOnCopy, RemoveHeadersOnCopy, ); }; };
		451455522019F10A00939DC0 /* DomainToPresentationMappable.swift in Sources */ = {isa = PBXBuildFile; fileRef = 451455512019F10A00939DC0 /* DomainToPresentationMappable.swift */; };
		451455542019F11F00939DC0 /* Post.swift in Sources */ = {isa = PBXBuildFile; fileRef = 451455532019F11F00939DC0 /* Post.swift */; };
		451455562019F13900939DC0 /* Post+Mappable.swift in Sources */ = {isa = PBXBuildFile; fileRef = 451455552019F13900939DC0 /* Post+Mappable.swift */; };
		451455592019F55A00939DC0 /* Reuseable.swift in Sources */ = {isa = PBXBuildFile; fileRef = 451455582019F55A00939DC0 /* Reuseable.swift */; };
		4514555B2019F61C00939DC0 /* PostViewCell.swift in Sources */ = {isa = PBXBuildFile; fileRef = 4514555A2019F61C00939DC0 /* PostViewCell.swift */; };
		4514555E2019F81800939DC0 /* BaseViewController.swift in Sources */ = {isa = PBXBuildFile; fileRef = 4514555D2019F81800939DC0 /* BaseViewController.swift */; };
		45145560201A092E00939DC0 /* BaseTableViewCell.swift in Sources */ = {isa = PBXBuildFile; fileRef = 4514555F201A092E00939DC0 /* BaseTableViewCell.swift */; };
		45145563201A0DC900939DC0 /* NetworkService.swift in Sources */ = {isa = PBXBuildFile; fileRef = 45145562201A0DC900939DC0 /* NetworkService.swift */; };
		45145565201A0DE000939DC0 /* Route.swift in Sources */ = {isa = PBXBuildFile; fileRef = 45145564201A0DE000939DC0 /* Route.swift */; };
		45145569201A11C800939DC0 /* PostsStore.swift in Sources */ = {isa = PBXBuildFile; fileRef = 45145568201A11C800939DC0 /* PostsStore.swift */; };
		4514556C201A12F300939DC0 /* FetchPostsResponse.swift in Sources */ = {isa = PBXBuildFile; fileRef = 4514556B201A12F300939DC0 /* FetchPostsResponse.swift */; };
		45145571201A147400939DC0 /* Model.xcdatamodeld in Sources */ = {isa = PBXBuildFile; fileRef = 4514556F201A147400939DC0 /* Model.xcdatamodeld */; };
		45145575201A1B9900939DC0 /* CoreDataStack.swift in Sources */ = {isa = PBXBuildFile; fileRef = 45145574201A1B9900939DC0 /* CoreDataStack.swift */; };
		45145578201A1DFC00939DC0 /* DataToDomainMappable.swift in Sources */ = {isa = PBXBuildFile; fileRef = 45145577201A1DFC00939DC0 /* DataToDomainMappable.swift */; };
		4514557A201A1E4700939DC0 /* PostEntity+Mappable.swift in Sources */ = {isa = PBXBuildFile; fileRef = 45145579201A1E4700939DC0 /* PostEntity+Mappable.swift */; };
		4514557C201A390800939DC0 /* NSManagedObjectContext+Extensions.swift in Sources */ = {isa = PBXBuildFile; fileRef = 4514557B201A390800939DC0 /* NSManagedObjectContext+Extensions.swift */; };
		451EE20E20233EFE0040A0F4 /* PostsRepositoryTests.swift in Sources */ = {isa = PBXBuildFile; fileRef = 451EE20D20233EFE0040A0F4 /* PostsRepositoryTests.swift */; };
		4532F0262019D804003BB701 /* AppDelegate.swift in Sources */ = {isa = PBXBuildFile; fileRef = 4532F0252019D804003BB701 /* AppDelegate.swift */; };
		4532F02B2019D804003BB701 /* Main.storyboard in Resources */ = {isa = PBXBuildFile; fileRef = 4532F0292019D804003BB701 /* Main.storyboard */; };
		4532F02D2019D804003BB701 /* Assets.xcassets in Resources */ = {isa = PBXBuildFile; fileRef = 4532F02C2019D804003BB701 /* Assets.xcassets */; };
		4532F0302019D804003BB701 /* LaunchScreen.storyboard in Resources */ = {isa = PBXBuildFile; fileRef = 4532F02E2019D804003BB701 /* LaunchScreen.storyboard */; };
		453B7ADF20218C4400B72472 /* PostWithUser.swift in Sources */ = {isa = PBXBuildFile; fileRef = 453B7ADE20218C4400B72472 /* PostWithUser.swift */; };
		453B7AE120218D3900B72472 /* Error.swift in Sources */ = {isa = PBXBuildFile; fileRef = 453B7AE020218D3900B72472 /* Error.swift */; };
		453B7AE52021923200B72472 /* UsersRepositoryTests.swift in Sources */ = {isa = PBXBuildFile; fileRef = 453B7AE42021923200B72472 /* UsersRepositoryTests.swift */; };
		457EAB992024481700FD85C6 /* UsersRepositoryFactory.swift in Sources */ = {isa = PBXBuildFile; fileRef = 457EAB982024481700FD85C6 /* UsersRepositoryFactory.swift */; };
		457EAB9B2024497300FD85C6 /* PostsReporitoryFactory.swift in Sources */ = {isa = PBXBuildFile; fileRef = 457EAB9A2024497300FD85C6 /* PostsReporitoryFactory.swift */; };
		457EAB9D2024511400FD85C6 /* NetworkServiceType+Test.swift in Sources */ = {isa = PBXBuildFile; fileRef = 457EAB9C2024511400FD85C6 /* NetworkServiceType+Test.swift */; };
		45881073201F78E000DF30FB /* UsersStore.swift in Sources */ = {isa = PBXBuildFile; fileRef = 45881072201F78E000DF30FB /* UsersStore.swift */; };
		45881075201F79DB00DF30FB /* FetchUsersResponse.swift in Sources */ = {isa = PBXBuildFile; fileRef = 45881074201F79DB00DF30FB /* FetchUsersResponse.swift */; };
		45881077201F7AB100DF30FB /* UsersRepository.swift in Sources */ = {isa = PBXBuildFile; fileRef = 45881076201F7AB100DF30FB /* UsersRepository.swift */; };
		45881079201F7B6700DF30FB /* UsersRepository.swift in Sources */ = {isa = PBXBuildFile; fileRef = 45881078201F7B6700DF30FB /* UsersRepository.swift */; };
		4588107B201F7B9900DF30FB /* UserEntity+Mappable.swift in Sources */ = {isa = PBXBuildFile; fileRef = 4588107A201F7B9900DF30FB /* UserEntity+Mappable.swift */; };
		45961ACC2019DAF600EF5B5C /* Domain.framework in Frameworks */ = {isa = PBXBuildFile; fileRef = 45961AC32019DAF600EF5B5C /* Domain.framework */; };
		45961AD32019DAF600EF5B5C /* DomainTests.swift in Sources */ = {isa = PBXBuildFile; fileRef = 45961AD22019DAF600EF5B5C /* DomainTests.swift */; };
		45961AD52019DAF600EF5B5C /* Domain.h in Headers */ = {isa = PBXBuildFile; fileRef = 45961AC52019DAF600EF5B5C /* Domain.h */; settings = {ATTRIBUTES = (Public, ); }; };
		45961AD82019DAF600EF5B5C /* Domain.framework in Frameworks */ = {isa = PBXBuildFile; fileRef = 45961AC32019DAF600EF5B5C /* Domain.framework */; };
		45961AD92019DAF600EF5B5C /* Domain.framework in Embed Frameworks */ = {isa = PBXBuildFile; fileRef = 45961AC32019DAF600EF5B5C /* Domain.framework */; settings = {ATTRIBUTES = (CodeSignOnCopy, RemoveHeadersOnCopy, ); }; };
		45961AEF2019DB0200EF5B5C /* data.framework in Frameworks */ = {isa = PBXBuildFile; fileRef = 45961AE62019DB0200EF5B5C /* data.framework */; };
		45961AF62019DB0200EF5B5C /* DataTests.swift in Sources */ = {isa = PBXBuildFile; fileRef = 45961AF52019DB0200EF5B5C /* DataTests.swift */; };
		45961AF82019DB0200EF5B5C /* data.h in Headers */ = {isa = PBXBuildFile; fileRef = 45961AE82019DB0200EF5B5C /* data.h */; settings = {ATTRIBUTES = (Public, ); }; };
		45961AFB2019DB0200EF5B5C /* data.framework in Frameworks */ = {isa = PBXBuildFile; fileRef = 45961AE62019DB0200EF5B5C /* data.framework */; };
		45961AFC2019DB0200EF5B5C /* data.framework in Embed Frameworks */ = {isa = PBXBuildFile; fileRef = 45961AE62019DB0200EF5B5C /* data.framework */; settings = {ATTRIBUTES = (CodeSignOnCopy, RemoveHeadersOnCopy, ); }; };
		459E6337201C79A60097528A /* FetchableRepository.swift in Sources */ = {isa = PBXBuildFile; fileRef = 459E6336201C79A60097528A /* FetchableRepository.swift */; };
		459E6339201C7A450097528A /* Store.swift in Sources */ = {isa = PBXBuildFile; fileRef = 459E6338201C7A450097528A /* Store.swift */; };
		45F6213F2019DF0C0006BC37 /* Posts.storyboard in Resources */ = {isa = PBXBuildFile; fileRef = 45F6213D2019DF0C0006BC37 /* Posts.storyboard */; };
		45F621432019E0AB0006BC37 /* PostsViewController.swift in Sources */ = {isa = PBXBuildFile; fileRef = 45F621422019E0AB0006BC37 /* PostsViewController.swift */; };
		45F621452019E1910006BC37 /* TabBarController.swift in Sources */ = {isa = PBXBuildFile; fileRef = 45F621442019E1910006BC37 /* TabBarController.swift */; };
		45F621472019E3FA0006BC37 /* PostsViewModel.swift in Sources */ = {isa = PBXBuildFile; fileRef = 45F621462019E3FA0006BC37 /* PostsViewModel.swift */; };
		5AF0E370B8E62C1736FD321E /* Pods_dataTests.framework in Frameworks */ = {isa = PBXBuildFile; fileRef = B4ED5A0E9027AD4C1F4D83E7 /* Pods_dataTests.framework */; };
		71E5301C5F988934292F1ABD /* Pods_Domain.framework in Frameworks */ = {isa = PBXBuildFile; fileRef = 81143C2E8D8A0FC77FA652D6 /* Pods_Domain.framework */; };
		B4FFCCDB33AA0E32F43747DF /* Pods_data.framework in Frameworks */ = {isa = PBXBuildFile; fileRef = 0D3656259259CD9E72638103 /* Pods_data.framework */; };
/* End PBXBuildFile section */

/* Begin PBXContainerItemProxy section */
		4514553C2019F0D400939DC0 /* PBXContainerItemProxy */ = {
			isa = PBXContainerItemProxy;
			containerPortal = 4532F01A2019D804003BB701 /* Project object */;
			proxyType = 1;
			remoteGlobalIDString = 451455312019F0D400939DC0;
			remoteInfo = Presentation;
		};
		4514553E2019F0D400939DC0 /* PBXContainerItemProxy */ = {
			isa = PBXContainerItemProxy;
			containerPortal = 4532F01A2019D804003BB701 /* Project object */;
			proxyType = 1;
			remoteGlobalIDString = 4532F0212019D804003BB701;
			remoteInfo = CleanSwiftApp;
		};
		451455452019F0D500939DC0 /* PBXContainerItemProxy */ = {
			isa = PBXContainerItemProxy;
			containerPortal = 4532F01A2019D804003BB701 /* Project object */;
			proxyType = 1;
			remoteGlobalIDString = 451455312019F0D400939DC0;
			remoteInfo = Presentation;
		};
		45145572201A177700939DC0 /* PBXContainerItemProxy */ = {
			isa = PBXContainerItemProxy;
			containerPortal = 4532F01A2019D804003BB701 /* Project object */;
			proxyType = 1;
			remoteGlobalIDString = 45961AC22019DAF600EF5B5C;
			remoteInfo = Domain;
		};
		45961ACD2019DAF600EF5B5C /* PBXContainerItemProxy */ = {
			isa = PBXContainerItemProxy;
			containerPortal = 4532F01A2019D804003BB701 /* Project object */;
			proxyType = 1;
			remoteGlobalIDString = 45961AC22019DAF600EF5B5C;
			remoteInfo = Domain;
		};
		45961ACF2019DAF600EF5B5C /* PBXContainerItemProxy */ = {
			isa = PBXContainerItemProxy;
			containerPortal = 4532F01A2019D804003BB701 /* Project object */;
			proxyType = 1;
			remoteGlobalIDString = 4532F0212019D804003BB701;
			remoteInfo = CleanSwiftApp;
		};
		45961AD62019DAF600EF5B5C /* PBXContainerItemProxy */ = {
			isa = PBXContainerItemProxy;
			containerPortal = 4532F01A2019D804003BB701 /* Project object */;
			proxyType = 1;
			remoteGlobalIDString = 45961AC22019DAF600EF5B5C;
			remoteInfo = Domain;
		};
		45961AF02019DB0200EF5B5C /* PBXContainerItemProxy */ = {
			isa = PBXContainerItemProxy;
			containerPortal = 4532F01A2019D804003BB701 /* Project object */;
			proxyType = 1;
			remoteGlobalIDString = 45961AE52019DB0200EF5B5C;
			remoteInfo = Data;
		};
		45961AF22019DB0200EF5B5C /* PBXContainerItemProxy */ = {
			isa = PBXContainerItemProxy;
			containerPortal = 4532F01A2019D804003BB701 /* Project object */;
			proxyType = 1;
			remoteGlobalIDString = 4532F0212019D804003BB701;
			remoteInfo = CleanSwiftApp;
		};
		45961AF92019DB0200EF5B5C /* PBXContainerItemProxy */ = {
			isa = PBXContainerItemProxy;
			containerPortal = 4532F01A2019D804003BB701 /* Project object */;
			proxyType = 1;
			remoteGlobalIDString = 45961AE52019DB0200EF5B5C;
			remoteInfo = Data;
		};
		459E633A201C84000097528A /* PBXContainerItemProxy */ = {
			isa = PBXContainerItemProxy;
			containerPortal = 4532F01A2019D804003BB701 /* Project object */;
			proxyType = 1;
			remoteGlobalIDString = 45961AC22019DAF600EF5B5C;
			remoteInfo = Domain;
		};
/* End PBXContainerItemProxy section */

/* Begin PBXCopyFilesBuildPhase section */
		45961ADF2019DAF600EF5B5C /* Embed Frameworks */ = {
			isa = PBXCopyFilesBuildPhase;
			buildActionMask = 2147483647;
			dstPath = "";
			dstSubfolderSpec = 10;
			files = (
				45961AFC2019DB0200EF5B5C /* data.framework in Embed Frameworks */,
				45961AD92019DAF600EF5B5C /* Domain.framework in Embed Frameworks */,
				451455482019F0D500939DC0 /* Presentation.framework in Embed Frameworks */,
			);
			name = "Embed Frameworks";
			runOnlyForDeploymentPostprocessing = 0;
		};
/* End PBXCopyFilesBuildPhase section */

/* Begin PBXFileReference section */
		0D3656259259CD9E72638103 /* Pods_data.framework */ = {isa = PBXFileReference; explicitFileType = wrapper.framework; includeInIndex = 0; path = Pods_data.framework; sourceTree = BUILT_PRODUCTS_DIR; };
		239A3E154B97B3373ECD699F /* Pods-CleanSwiftApp.debug.xcconfig */ = {isa = PBXFileReference; includeInIndex = 1; lastKnownFileType = text.xcconfig; name = "Pods-CleanSwiftApp.debug.xcconfig"; path = "Pods/Target Support Files/Pods-CleanSwiftApp/Pods-CleanSwiftApp.debug.xcconfig"; sourceTree = "<group>"; };
		451455192019E7CB00939DC0 /* Post.swift */ = {isa = PBXFileReference; lastKnownFileType = sourcecode.swift; path = Post.swift; sourceTree = "<group>"; };
		4514551B2019E84F00939DC0 /* User.swift */ = {isa = PBXFileReference; lastKnownFileType = sourcecode.swift; path = User.swift; sourceTree = "<group>"; };
		4514551E2019E89400939DC0 /* PostsRepository.swift */ = {isa = PBXFileReference; lastKnownFileType = sourcecode.swift; path = PostsRepository.swift; sourceTree = "<group>"; };
		451455212019E8E000939DC0 /* FetchPostsWithUserUseCase.swift */ = {isa = PBXFileReference; lastKnownFileType = sourcecode.swift; path = FetchPostsWithUserUseCase.swift; sourceTree = "<group>"; };
		451455232019E99D00939DC0 /* SingleUseCase.swift */ = {isa = PBXFileReference; lastKnownFileType = sourcecode.swift; path = SingleUseCase.swift; sourceTree = "<group>"; };
		4514552B2019EF3600939DC0 /* PostsRepository.swift */ = {isa = PBXFileReference; lastKnownFileType = sourcecode.swift; path = PostsRepository.swift; sourceTree = "<group>"; };
		451455322019F0D400939DC0 /* Presentation.framework */ = {isa = PBXFileReference; explicitFileType = wrapper.framework; includeInIndex = 0; path = Presentation.framework; sourceTree = BUILT_PRODUCTS_DIR; };
		451455342019F0D400939DC0 /* Presentation.h */ = {isa = PBXFileReference; lastKnownFileType = sourcecode.c.h; path = Presentation.h; sourceTree = "<group>"; };
		451455352019F0D400939DC0 /* Info.plist */ = {isa = PBXFileReference; lastKnownFileType = text.plist.xml; path = Info.plist; sourceTree = "<group>"; };
		4514553A2019F0D400939DC0 /* PresentationTests.xctest */ = {isa = PBXFileReference; explicitFileType = wrapper.cfbundle; includeInIndex = 0; path = PresentationTests.xctest; sourceTree = BUILT_PRODUCTS_DIR; };
		451455412019F0D400939DC0 /* PresentationTests.swift */ = {isa = PBXFileReference; lastKnownFileType = sourcecode.swift; path = PresentationTests.swift; sourceTree = "<group>"; };
		451455432019F0D400939DC0 /* Info.plist */ = {isa = PBXFileReference; lastKnownFileType = text.plist.xml; path = Info.plist; sourceTree = "<group>"; };
		451455512019F10A00939DC0 /* DomainToPresentationMappable.swift */ = {isa = PBXFileReference; lastKnownFileType = sourcecode.swift; path = DomainToPresentationMappable.swift; sourceTree = "<group>"; };
		451455532019F11F00939DC0 /* Post.swift */ = {isa = PBXFileReference; lastKnownFileType = sourcecode.swift; path = Post.swift; sourceTree = "<group>"; };
		451455552019F13900939DC0 /* Post+Mappable.swift */ = {isa = PBXFileReference; lastKnownFileType = sourcecode.swift; path = "Post+Mappable.swift"; sourceTree = "<group>"; };
		451455582019F55A00939DC0 /* Reuseable.swift */ = {isa = PBXFileReference; lastKnownFileType = sourcecode.swift; path = Reuseable.swift; sourceTree = "<group>"; };
		4514555A2019F61C00939DC0 /* PostViewCell.swift */ = {isa = PBXFileReference; lastKnownFileType = sourcecode.swift; path = PostViewCell.swift; sourceTree = "<group>"; };
		4514555D2019F81800939DC0 /* BaseViewController.swift */ = {isa = PBXFileReference; lastKnownFileType = sourcecode.swift; path = BaseViewController.swift; sourceTree = "<group>"; };
		4514555F201A092E00939DC0 /* BaseTableViewCell.swift */ = {isa = PBXFileReference; lastKnownFileType = sourcecode.swift; path = BaseTableViewCell.swift; sourceTree = "<group>"; };
		45145562201A0DC900939DC0 /* NetworkService.swift */ = {isa = PBXFileReference; lastKnownFileType = sourcecode.swift; path = NetworkService.swift; sourceTree = "<group>"; };
		45145564201A0DE000939DC0 /* Route.swift */ = {isa = PBXFileReference; lastKnownFileType = sourcecode.swift; path = Route.swift; sourceTree = "<group>"; };
		45145568201A11C800939DC0 /* PostsStore.swift */ = {isa = PBXFileReference; lastKnownFileType = sourcecode.swift; path = PostsStore.swift; sourceTree = "<group>"; };
		4514556B201A12F300939DC0 /* FetchPostsResponse.swift */ = {isa = PBXFileReference; lastKnownFileType = sourcecode.swift; path = FetchPostsResponse.swift; sourceTree = "<group>"; };
		45145570201A147400939DC0 /* Model.xcdatamodel */ = {isa = PBXFileReference; lastKnownFileType = wrapper.xcdatamodel; path = Model.xcdatamodel; sourceTree = "<group>"; };
		45145574201A1B9900939DC0 /* CoreDataStack.swift */ = {isa = PBXFileReference; lastKnownFileType = sourcecode.swift; path = CoreDataStack.swift; sourceTree = "<group>"; };
		45145577201A1DFC00939DC0 /* DataToDomainMappable.swift */ = {isa = PBXFileReference; lastKnownFileType = sourcecode.swift; path = DataToDomainMappable.swift; sourceTree = "<group>"; };
		45145579201A1E4700939DC0 /* PostEntity+Mappable.swift */ = {isa = PBXFileReference; lastKnownFileType = sourcecode.swift; path = "PostEntity+Mappable.swift"; sourceTree = "<group>"; };
		4514557B201A390800939DC0 /* NSManagedObjectContext+Extensions.swift */ = {isa = PBXFileReference; lastKnownFileType = sourcecode.swift; path = "NSManagedObjectContext+Extensions.swift"; sourceTree = "<group>"; };
		451EE20D20233EFE0040A0F4 /* PostsRepositoryTests.swift */ = {isa = PBXFileReference; lastKnownFileType = sourcecode.swift; path = PostsRepositoryTests.swift; sourceTree = "<group>"; };
		45257CF6E9A8A65A7A9E2700 /* Pods-CleanSwiftApp.release.xcconfig */ = {isa = PBXFileReference; includeInIndex = 1; lastKnownFileType = text.xcconfig; name = "Pods-CleanSwiftApp.release.xcconfig"; path = "Pods/Target Support Files/Pods-CleanSwiftApp/Pods-CleanSwiftApp.release.xcconfig"; sourceTree = "<group>"; };
		4532F0222019D804003BB701 /* CleanSwiftApp.app */ = {isa = PBXFileReference; explicitFileType = wrapper.application; includeInIndex = 0; path = CleanSwiftApp.app; sourceTree = BUILT_PRODUCTS_DIR; };
		4532F0252019D804003BB701 /* AppDelegate.swift */ = {isa = PBXFileReference; lastKnownFileType = sourcecode.swift; path = AppDelegate.swift; sourceTree = "<group>"; };
		4532F02A2019D804003BB701 /* Base */ = {isa = PBXFileReference; lastKnownFileType = file.storyboard; name = Base; path = Base.lproj/Main.storyboard; sourceTree = "<group>"; };
		4532F02C2019D804003BB701 /* Assets.xcassets */ = {isa = PBXFileReference; lastKnownFileType = folder.assetcatalog; path = Assets.xcassets; sourceTree = "<group>"; };
		4532F02F2019D804003BB701 /* Base */ = {isa = PBXFileReference; lastKnownFileType = file.storyboard; name = Base; path = Base.lproj/LaunchScreen.storyboard; sourceTree = "<group>"; };
		4532F0312019D804003BB701 /* Info.plist */ = {isa = PBXFileReference; lastKnownFileType = text.plist.xml; path = Info.plist; sourceTree = "<group>"; };
		453B7ADE20218C4400B72472 /* PostWithUser.swift */ = {isa = PBXFileReference; lastKnownFileType = sourcecode.swift; path = PostWithUser.swift; sourceTree = "<group>"; };
		453B7AE020218D3900B72472 /* Error.swift */ = {isa = PBXFileReference; lastKnownFileType = sourcecode.swift; path = Error.swift; sourceTree = "<group>"; };
		453B7AE42021923200B72472 /* UsersRepositoryTests.swift */ = {isa = PBXFileReference; lastKnownFileType = sourcecode.swift; path = UsersRepositoryTests.swift; sourceTree = "<group>"; };
		453E28B32019D98B00BD80F3 /* RxDataSources.framework */ = {isa = PBXFileReference; explicitFileType = wrapper.framework; path = RxDataSources.framework; sourceTree = BUILT_PRODUCTS_DIR; };
		457EAB982024481700FD85C6 /* UsersRepositoryFactory.swift */ = {isa = PBXFileReference; lastKnownFileType = sourcecode.swift; path = UsersRepositoryFactory.swift; sourceTree = "<group>"; };
		457EAB9A2024497300FD85C6 /* PostsReporitoryFactory.swift */ = {isa = PBXFileReference; lastKnownFileType = sourcecode.swift; path = PostsReporitoryFactory.swift; sourceTree = "<group>"; };
		457EAB9C2024511400FD85C6 /* NetworkServiceType+Test.swift */ = {isa = PBXFileReference; lastKnownFileType = sourcecode.swift; path = "NetworkServiceType+Test.swift"; sourceTree = "<group>"; };
		45881072201F78E000DF30FB /* UsersStore.swift */ = {isa = PBXFileReference; lastKnownFileType = sourcecode.swift; path = UsersStore.swift; sourceTree = "<group>"; };
		45881074201F79DB00DF30FB /* FetchUsersResponse.swift */ = {isa = PBXFileReference; lastKnownFileType = sourcecode.swift; path = FetchUsersResponse.swift; sourceTree = "<group>"; };
		45881076201F7AB100DF30FB /* UsersRepository.swift */ = {isa = PBXFileReference; lastKnownFileType = sourcecode.swift; path = UsersRepository.swift; sourceTree = "<group>"; };
		45881078201F7B6700DF30FB /* UsersRepository.swift */ = {isa = PBXFileReference; lastKnownFileType = sourcecode.swift; path = UsersRepository.swift; sourceTree = "<group>"; };
		4588107A201F7B9900DF30FB /* UserEntity+Mappable.swift */ = {isa = PBXFileReference; lastKnownFileType = sourcecode.swift; path = "UserEntity+Mappable.swift"; sourceTree = "<group>"; };
		45961AC32019DAF600EF5B5C /* Domain.framework */ = {isa = PBXFileReference; explicitFileType = wrapper.framework; includeInIndex = 0; path = Domain.framework; sourceTree = BUILT_PRODUCTS_DIR; };
		45961AC52019DAF600EF5B5C /* Domain.h */ = {isa = PBXFileReference; lastKnownFileType = sourcecode.c.h; path = Domain.h; sourceTree = "<group>"; };
		45961AC62019DAF600EF5B5C /* Info.plist */ = {isa = PBXFileReference; lastKnownFileType = text.plist.xml; path = Info.plist; sourceTree = "<group>"; };
		45961ACB2019DAF600EF5B5C /* DomainTests.xctest */ = {isa = PBXFileReference; explicitFileType = wrapper.cfbundle; includeInIndex = 0; path = DomainTests.xctest; sourceTree = BUILT_PRODUCTS_DIR; };
		45961AD22019DAF600EF5B5C /* DomainTests.swift */ = {isa = PBXFileReference; lastKnownFileType = sourcecode.swift; path = DomainTests.swift; sourceTree = "<group>"; };
		45961AD42019DAF600EF5B5C /* Info.plist */ = {isa = PBXFileReference; lastKnownFileType = text.plist.xml; path = Info.plist; sourceTree = "<group>"; };
		45961AE62019DB0200EF5B5C /* data.framework */ = {isa = PBXFileReference; explicitFileType = wrapper.framework; includeInIndex = 0; path = data.framework; sourceTree = BUILT_PRODUCTS_DIR; };
		45961AE82019DB0200EF5B5C /* data.h */ = {isa = PBXFileReference; lastKnownFileType = sourcecode.c.h; path = data.h; sourceTree = "<group>"; };
		45961AE92019DB0200EF5B5C /* Info.plist */ = {isa = PBXFileReference; lastKnownFileType = text.plist.xml; path = Info.plist; sourceTree = "<group>"; };
		45961AEE2019DB0200EF5B5C /* dataTests.xctest */ = {isa = PBXFileReference; explicitFileType = wrapper.cfbundle; includeInIndex = 0; path = dataTests.xctest; sourceTree = BUILT_PRODUCTS_DIR; };
		45961AF52019DB0200EF5B5C /* DataTests.swift */ = {isa = PBXFileReference; lastKnownFileType = sourcecode.swift; path = DataTests.swift; sourceTree = "<group>"; };
		45961AF72019DB0200EF5B5C /* Info.plist */ = {isa = PBXFileReference; lastKnownFileType = text.plist.xml; path = Info.plist; sourceTree = "<group>"; };
		459E6336201C79A60097528A /* FetchableRepository.swift */ = {isa = PBXFileReference; lastKnownFileType = sourcecode.swift; path = FetchableRepository.swift; sourceTree = "<group>"; };
		459E6338201C7A450097528A /* Store.swift */ = {isa = PBXFileReference; lastKnownFileType = sourcecode.swift; path = Store.swift; sourceTree = "<group>"; };
		45F6213E2019DF0C0006BC37 /* Base */ = {isa = PBXFileReference; lastKnownFileType = file.storyboard; name = Base; path = Base.lproj/Posts.storyboard; sourceTree = "<group>"; };
		45F621422019E0AB0006BC37 /* PostsViewController.swift */ = {isa = PBXFileReference; lastKnownFileType = sourcecode.swift; path = PostsViewController.swift; sourceTree = "<group>"; };
		45F621442019E1910006BC37 /* TabBarController.swift */ = {isa = PBXFileReference; lastKnownFileType = sourcecode.swift; path = TabBarController.swift; sourceTree = "<group>"; };
		45F621462019E3FA0006BC37 /* PostsViewModel.swift */ = {isa = PBXFileReference; lastKnownFileType = sourcecode.swift; path = PostsViewModel.swift; sourceTree = "<group>"; };
		4C66E7E0AA7B2E1699D3E291 /* Pods-Data.debug.xcconfig */ = {isa = PBXFileReference; includeInIndex = 1; lastKnownFileType = text.xcconfig; name = "Pods-Data.debug.xcconfig"; path = "Pods/Target Support Files/Pods-Data/Pods-Data.debug.xcconfig"; sourceTree = "<group>"; };
		6EF62C4D5E1B84E3BB2A83AF /* Pods-data.debug.xcconfig */ = {isa = PBXFileReference; includeInIndex = 1; lastKnownFileType = text.xcconfig; name = "Pods-data.debug.xcconfig"; path = "Pods/Target Support Files/Pods-data/Pods-data.debug.xcconfig"; sourceTree = "<group>"; };
		7F624926EC90DB291FE41032 /* Pods-Domain.release.xcconfig */ = {isa = PBXFileReference; includeInIndex = 1; lastKnownFileType = text.xcconfig; name = "Pods-Domain.release.xcconfig"; path = "Pods/Target Support Files/Pods-Domain/Pods-Domain.release.xcconfig"; sourceTree = "<group>"; };
		81143C2E8D8A0FC77FA652D6 /* Pods_Domain.framework */ = {isa = PBXFileReference; explicitFileType = wrapper.framework; includeInIndex = 0; path = Pods_Domain.framework; sourceTree = BUILT_PRODUCTS_DIR; };
		8FEB1E8ABDCC552A2A0F69F6 /* Pods-dataTests.release.xcconfig */ = {isa = PBXFileReference; includeInIndex = 1; lastKnownFileType = text.xcconfig; name = "Pods-dataTests.release.xcconfig"; path = "Pods/Target Support Files/Pods-dataTests/Pods-dataTests.release.xcconfig"; sourceTree = "<group>"; };
		907A2A63A63C17B57AC5808C /* Pods-dataTests.debug.xcconfig */ = {isa = PBXFileReference; includeInIndex = 1; lastKnownFileType = text.xcconfig; name = "Pods-dataTests.debug.xcconfig"; path = "Pods/Target Support Files/Pods-dataTests/Pods-dataTests.debug.xcconfig"; sourceTree = "<group>"; };
		944CB5C660CC9E00FE3F6172 /* Pods-Data.release.xcconfig */ = {isa = PBXFileReference; includeInIndex = 1; lastKnownFileType = text.xcconfig; name = "Pods-Data.release.xcconfig"; path = "Pods/Target Support Files/Pods-Data/Pods-Data.release.xcconfig"; sourceTree = "<group>"; };
		A3FC6BAB7C3346F978563B3A /* Pods_Data.framework */ = {isa = PBXFileReference; explicitFileType = wrapper.framework; includeInIndex = 0; path = Pods_Data.framework; sourceTree = BUILT_PRODUCTS_DIR; };
		B4ED5A0E9027AD4C1F4D83E7 /* Pods_dataTests.framework */ = {isa = PBXFileReference; explicitFileType = wrapper.framework; includeInIndex = 0; path = Pods_dataTests.framework; sourceTree = BUILT_PRODUCTS_DIR; };
		E2FD6318AFE3675BF281B3EF /* Pods-data.release.xcconfig */ = {isa = PBXFileReference; includeInIndex = 1; lastKnownFileType = text.xcconfig; name = "Pods-data.release.xcconfig"; path = "Pods/Target Support Files/Pods-data/Pods-data.release.xcconfig"; sourceTree = "<group>"; };
		EC34B2DD0F0F41AB8B9AB7FD /* Pods-Domain.debug.xcconfig */ = {isa = PBXFileReference; includeInIndex = 1; lastKnownFileType = text.xcconfig; name = "Pods-Domain.debug.xcconfig"; path = "Pods/Target Support Files/Pods-Domain/Pods-Domain.debug.xcconfig"; sourceTree = "<group>"; };
		EF5ACCF08F4032B58916136F /* Pods_CleanSwiftApp.framework */ = {isa = PBXFileReference; explicitFileType = wrapper.framework; includeInIndex = 0; path = Pods_CleanSwiftApp.framework; sourceTree = BUILT_PRODUCTS_DIR; };
/* End PBXFileReference section */

/* Begin PBXFrameworksBuildPhase section */
		4514552E2019F0D400939DC0 /* Frameworks */ = {
			isa = PBXFrameworksBuildPhase;
			buildActionMask = 2147483647;
			files = (
			);
			runOnlyForDeploymentPostprocessing = 0;
		};
		451455372019F0D400939DC0 /* Frameworks */ = {
			isa = PBXFrameworksBuildPhase;
			buildActionMask = 2147483647;
			files = (
				4514553B2019F0D400939DC0 /* Presentation.framework in Frameworks */,
			);
			runOnlyForDeploymentPostprocessing = 0;
		};
		4532F01F2019D804003BB701 /* Frameworks */ = {
			isa = PBXFrameworksBuildPhase;
			buildActionMask = 2147483647;
			files = (
				45961AFB2019DB0200EF5B5C /* data.framework in Frameworks */,
				45961AD82019DAF600EF5B5C /* Domain.framework in Frameworks */,
				451455472019F0D500939DC0 /* Presentation.framework in Frameworks */,
				2DDB8D735F35EDCD9EDD2F34 /* Pods_CleanSwiftApp.framework in Frameworks */,
			);
			runOnlyForDeploymentPostprocessing = 0;
		};
		45961ABF2019DAF600EF5B5C /* Frameworks */ = {
			isa = PBXFrameworksBuildPhase;
			buildActionMask = 2147483647;
			files = (
				71E5301C5F988934292F1ABD /* Pods_Domain.framework in Frameworks */,
			);
			runOnlyForDeploymentPostprocessing = 0;
		};
		45961AC82019DAF600EF5B5C /* Frameworks */ = {
			isa = PBXFrameworksBuildPhase;
			buildActionMask = 2147483647;
			files = (
				45961ACC2019DAF600EF5B5C /* Domain.framework in Frameworks */,
			);
			runOnlyForDeploymentPostprocessing = 0;
		};
		45961AE22019DB0200EF5B5C /* Frameworks */ = {
			isa = PBXFrameworksBuildPhase;
			buildActionMask = 2147483647;
			files = (
				B4FFCCDB33AA0E32F43747DF /* Pods_data.framework in Frameworks */,
			);
			runOnlyForDeploymentPostprocessing = 0;
		};
		45961AEB2019DB0200EF5B5C /* Frameworks */ = {
			isa = PBXFrameworksBuildPhase;
			buildActionMask = 2147483647;
			files = (
				45961AEF2019DB0200EF5B5C /* data.framework in Frameworks */,
				5AF0E370B8E62C1736FD321E /* Pods_dataTests.framework in Frameworks */,
			);
			runOnlyForDeploymentPostprocessing = 0;
		};
/* End PBXFrameworksBuildPhase section */

/* Begin PBXGroup section */
		10371309F71D5FEDC003E921 /* Pods */ = {
			isa = PBXGroup;
			children = (
				239A3E154B97B3373ECD699F /* Pods-CleanSwiftApp.debug.xcconfig */,
				45257CF6E9A8A65A7A9E2700 /* Pods-CleanSwiftApp.release.xcconfig */,
				4C66E7E0AA7B2E1699D3E291 /* Pods-Data.debug.xcconfig */,
				944CB5C660CC9E00FE3F6172 /* Pods-Data.release.xcconfig */,
				EC34B2DD0F0F41AB8B9AB7FD /* Pods-Domain.debug.xcconfig */,
				7F624926EC90DB291FE41032 /* Pods-Domain.release.xcconfig */,
				6EF62C4D5E1B84E3BB2A83AF /* Pods-data.debug.xcconfig */,
				E2FD6318AFE3675BF281B3EF /* Pods-data.release.xcconfig */,
				907A2A63A63C17B57AC5808C /* Pods-dataTests.debug.xcconfig */,
				8FEB1E8ABDCC552A2A0F69F6 /* Pods-dataTests.release.xcconfig */,
			);
			name = Pods;
			sourceTree = "<group>";
		};
		451455182019E7BB00939DC0 /* Models */ = {
			isa = PBXGroup;
			children = (
				451455192019E7CB00939DC0 /* Post.swift */,
				4514551B2019E84F00939DC0 /* User.swift */,
				453B7ADE20218C4400B72472 /* PostWithUser.swift */,
			);
			path = Models;
			sourceTree = "<group>";
		};
		4514551D2019E88200939DC0 /* Repositories */ = {
			isa = PBXGroup;
			children = (
				4514551E2019E89400939DC0 /* PostsRepository.swift */,
				45881078201F7B6700DF30FB /* UsersRepository.swift */,
			);
			path = Repositories;
			sourceTree = "<group>";
		};
		451455202019E8C900939DC0 /* Usecases */ = {
			isa = PBXGroup;
			children = (
				451455212019E8E000939DC0 /* FetchPostsWithUserUseCase.swift */,
				451455232019E99D00939DC0 /* SingleUseCase.swift */,
			);
			path = Usecases;
			sourceTree = "<group>";
		};
		451455332019F0D400939DC0 /* Presentation */ = {
			isa = PBXGroup;
			children = (
				451455502019F0FE00939DC0 /* Mapper */,
				4514554F2019F0F700939DC0 /* Models */,
				451455342019F0D400939DC0 /* Presentation.h */,
				451455352019F0D400939DC0 /* Info.plist */,
			);
			path = Presentation;
			sourceTree = "<group>";
		};
		451455402019F0D400939DC0 /* PresentationTests */ = {
			isa = PBXGroup;
			children = (
				451455412019F0D400939DC0 /* PresentationTests.swift */,
				451455432019F0D400939DC0 /* Info.plist */,
			);
			path = PresentationTests;
			sourceTree = "<group>";
		};
		4514554F2019F0F700939DC0 /* Models */ = {
			isa = PBXGroup;
			children = (
				451455532019F11F00939DC0 /* Post.swift */,
			);
			path = Models;
			sourceTree = "<group>";
		};
		451455502019F0FE00939DC0 /* Mapper */ = {
			isa = PBXGroup;
			children = (
				451455512019F10A00939DC0 /* DomainToPresentationMappable.swift */,
				451455552019F13900939DC0 /* Post+Mappable.swift */,
			);
			path = Mapper;
			sourceTree = "<group>";
		};
		451455572019F54600939DC0 /* Utils */ = {
			isa = PBXGroup;
			children = (
				451455582019F55A00939DC0 /* Reuseable.swift */,
			);
			path = Utils;
			sourceTree = "<group>";
		};
		4514555C2019F80A00939DC0 /* Base */ = {
			isa = PBXGroup;
			children = (
				4514555D2019F81800939DC0 /* BaseViewController.swift */,
				4514555F201A092E00939DC0 /* BaseTableViewCell.swift */,
			);
			path = Base;
			sourceTree = "<group>";
		};
		45145561201A0DB200939DC0 /* Remote */ = {
			isa = PBXGroup;
			children = (
				4514556A201A12E000939DC0 /* Responses */,
				45145562201A0DC900939DC0 /* NetworkService.swift */,
				45145564201A0DE000939DC0 /* Route.swift */,
			);
			path = Remote;
			sourceTree = "<group>";
		};
		45145566201A117B00939DC0 /* Repositories */ = {
			isa = PBXGroup;
			children = (
				45145567201A11A100939DC0 /* Stores */,
				4514552B2019EF3600939DC0 /* PostsRepository.swift */,
				45881076201F7AB100DF30FB /* UsersRepository.swift */,
				459E6336201C79A60097528A /* FetchableRepository.swift */,
			);
			path = Repositories;
			sourceTree = "<group>";
		};
		45145567201A11A100939DC0 /* Stores */ = {
			isa = PBXGroup;
			children = (
				459E6338201C7A450097528A /* Store.swift */,
				45145568201A11C800939DC0 /* PostsStore.swift */,
				45881072201F78E000DF30FB /* UsersStore.swift */,
			);
			path = Stores;
			sourceTree = "<group>";
		};
		4514556A201A12E000939DC0 /* Responses */ = {
			isa = PBXGroup;
			children = (
				4514556B201A12F300939DC0 /* FetchPostsResponse.swift */,
				45881074201F79DB00DF30FB /* FetchUsersResponse.swift */,
			);
			path = Responses;
			sourceTree = "<group>";
		};
		4514556D201A13AA00939DC0 /* Entities */ = {
			isa = PBXGroup;
			children = (
			);
			path = Entities;
			sourceTree = "<group>";
		};
		4514556E201A145A00939DC0 /* Local */ = {
			isa = PBXGroup;
			children = (
				4514556F201A147400939DC0 /* Model.xcdatamodeld */,
				45145574201A1B9900939DC0 /* CoreDataStack.swift */,
				4514557B201A390800939DC0 /* NSManagedObjectContext+Extensions.swift */,
			);
			path = Local;
			sourceTree = "<group>";
		};
		45145576201A1DDC00939DC0 /* Mapper */ = {
			isa = PBXGroup;
			children = (
				45145577201A1DFC00939DC0 /* DataToDomainMappable.swift */,
				45145579201A1E4700939DC0 /* PostEntity+Mappable.swift */,
				4588107A201F7B9900DF30FB /* UserEntity+Mappable.swift */,
			);
			path = Mapper;
			sourceTree = "<group>";
		};
		4532F0192019D804003BB701 = {
			isa = PBXGroup;
			children = (
				4532F0242019D804003BB701 /* CleanSwiftApp */,
				451455332019F0D400939DC0 /* Presentation */,
				451455402019F0D400939DC0 /* PresentationTests */,
				45961AC42019DAF600EF5B5C /* Domain */,
				45961AD12019DAF600EF5B5C /* DomainTests */,
				45961AE72019DB0200EF5B5C /* data */,
				45961AF42019DB0200EF5B5C /* dataTests */,
				4532F0232019D804003BB701 /* Products */,
				453E28B12019D98B00BD80F3 /* Frameworks */,
				10371309F71D5FEDC003E921 /* Pods */,
			);
			sourceTree = "<group>";
		};
		4532F0232019D804003BB701 /* Products */ = {
			isa = PBXGroup;
			children = (
				4532F0222019D804003BB701 /* CleanSwiftApp.app */,
				45961AC32019DAF600EF5B5C /* Domain.framework */,
				45961ACB2019DAF600EF5B5C /* DomainTests.xctest */,
				45961AE62019DB0200EF5B5C /* data.framework */,
				45961AEE2019DB0200EF5B5C /* dataTests.xctest */,
				451455322019F0D400939DC0 /* Presentation.framework */,
				4514553A2019F0D400939DC0 /* PresentationTests.xctest */,
			);
			name = Products;
			sourceTree = "<group>";
		};
		4532F0242019D804003BB701 /* CleanSwiftApp */ = {
			isa = PBXGroup;
			children = (
				4514555C2019F80A00939DC0 /* Base */,
				451455572019F54600939DC0 /* Utils */,
				45F621402019E07A0006BC37 /* Scenes */,
				4532F0252019D804003BB701 /* AppDelegate.swift */,
				4532F0292019D804003BB701 /* Main.storyboard */,
				45F6213D2019DF0C0006BC37 /* Posts.storyboard */,
				4532F02C2019D804003BB701 /* Assets.xcassets */,
				4532F02E2019D804003BB701 /* LaunchScreen.storyboard */,
				4532F0312019D804003BB701 /* Info.plist */,
			);
			path = CleanSwiftApp;
			sourceTree = "<group>";
		};
		453B7AE32021921000B72472 /* Repositories */ = {
			isa = PBXGroup;
			children = (
				453B7AE42021923200B72472 /* UsersRepositoryTests.swift */,
				451EE20D20233EFE0040A0F4 /* PostsRepositoryTests.swift */,
			);
			path = Repositories;
			sourceTree = "<group>";
		};
		453E28B12019D98B00BD80F3 /* Frameworks */ = {
			isa = PBXGroup;
			children = (
				453E28B32019D98B00BD80F3 /* RxDataSources.framework */,
				EF5ACCF08F4032B58916136F /* Pods_CleanSwiftApp.framework */,
				A3FC6BAB7C3346F978563B3A /* Pods_Data.framework */,
				81143C2E8D8A0FC77FA652D6 /* Pods_Domain.framework */,
				0D3656259259CD9E72638103 /* Pods_data.framework */,
				B4ED5A0E9027AD4C1F4D83E7 /* Pods_dataTests.framework */,
			);
			name = Frameworks;
			sourceTree = "<group>";
		};
		457EAB97202447FA00FD85C6 /* Repository Factories */ = {
			isa = PBXGroup;
			children = (
				457EAB982024481700FD85C6 /* UsersRepositoryFactory.swift */,
				457EAB9A2024497300FD85C6 /* PostsReporitoryFactory.swift */,
			);
			path = "Repository Factories";
			sourceTree = "<group>";
		};
		45961AC42019DAF600EF5B5C /* Domain */ = {
			isa = PBXGroup;
			children = (
				453B7AE020218D3900B72472 /* Error.swift */,
				451455202019E8C900939DC0 /* Usecases */,
				4514551D2019E88200939DC0 /* Repositories */,
				451455182019E7BB00939DC0 /* Models */,
				45961AC52019DAF600EF5B5C /* Domain.h */,
				45961AC62019DAF600EF5B5C /* Info.plist */,
			);
			path = Domain;
			sourceTree = "<group>";
		};
		45961AD12019DAF600EF5B5C /* DomainTests */ = {
			isa = PBXGroup;
			children = (
				45961AD22019DAF600EF5B5C /* DomainTests.swift */,
				45961AD42019DAF600EF5B5C /* Info.plist */,
			);
			path = DomainTests;
			sourceTree = "<group>";
		};
		45961AE72019DB0200EF5B5C /* data */ = {
			isa = PBXGroup;
			children = (
				457EAB97202447FA00FD85C6 /* Repository Factories */,
				45145576201A1DDC00939DC0 /* Mapper */,
				4514556D201A13AA00939DC0 /* Entities */,
				45145566201A117B00939DC0 /* Repositories */,
				4514556E201A145A00939DC0 /* Local */,
				45145561201A0DB200939DC0 /* Remote */,
				45961AE82019DB0200EF5B5C /* data.h */,
				45961AE92019DB0200EF5B5C /* Info.plist */,
			);
			path = data;
			sourceTree = "<group>";
		};
		45961AF42019DB0200EF5B5C /* dataTests */ = {
			isa = PBXGroup;
			children = (
				453B7AE32021921000B72472 /* Repositories */,
				45961AF52019DB0200EF5B5C /* DataTests.swift */,
				45961AF72019DB0200EF5B5C /* Info.plist */,
				457EAB9C2024511400FD85C6 /* NetworkServiceType+Test.swift */,
			);
			path = dataTests;
			sourceTree = "<group>";
		};
		45F621402019E07A0006BC37 /* Scenes */ = {
			isa = PBXGroup;
			children = (
				45F621412019E0860006BC37 /* Posts */,
				45F621442019E1910006BC37 /* TabBarController.swift */,
			);
			path = Scenes;
			sourceTree = "<group>";
		};
		45F621412019E0860006BC37 /* Posts */ = {
			isa = PBXGroup;
			children = (
				45F621422019E0AB0006BC37 /* PostsViewController.swift */,
				45F621462019E3FA0006BC37 /* PostsViewModel.swift */,
				4514555A2019F61C00939DC0 /* PostViewCell.swift */,
			);
			path = Posts;
			sourceTree = "<group>";
		};
/* End PBXGroup section */

/* Begin PBXHeadersBuildPhase section */
		4514552F2019F0D400939DC0 /* Headers */ = {
			isa = PBXHeadersBuildPhase;
			buildActionMask = 2147483647;
			files = (
				451455442019F0D500939DC0 /* Presentation.h in Headers */,
			);
			runOnlyForDeploymentPostprocessing = 0;
		};
		45961AC02019DAF600EF5B5C /* Headers */ = {
			isa = PBXHeadersBuildPhase;
			buildActionMask = 2147483647;
			files = (
				45961AD52019DAF600EF5B5C /* Domain.h in Headers */,
			);
			runOnlyForDeploymentPostprocessing = 0;
		};
		45961AE32019DB0200EF5B5C /* Headers */ = {
			isa = PBXHeadersBuildPhase;
			buildActionMask = 2147483647;
			files = (
				45961AF82019DB0200EF5B5C /* data.h in Headers */,
			);
			runOnlyForDeploymentPostprocessing = 0;
		};
/* End PBXHeadersBuildPhase section */

/* Begin PBXNativeTarget section */
		451455312019F0D400939DC0 /* Presentation */ = {
			isa = PBXNativeTarget;
			buildConfigurationList = 451455492019F0D500939DC0 /* Build configuration list for PBXNativeTarget "Presentation" */;
			buildPhases = (
				4514552D2019F0D400939DC0 /* Sources */,
				4514552E2019F0D400939DC0 /* Frameworks */,
				4514552F2019F0D400939DC0 /* Headers */,
				451455302019F0D400939DC0 /* Resources */,
			);
			buildRules = (
			);
			dependencies = (
				45145573201A177700939DC0 /* PBXTargetDependency */,
			);
			name = Presentation;
			productName = Presentation;
			productReference = 451455322019F0D400939DC0 /* Presentation.framework */;
			productType = "com.apple.product-type.framework";
		};
		451455392019F0D400939DC0 /* PresentationTests */ = {
			isa = PBXNativeTarget;
			buildConfigurationList = 4514554C2019F0D500939DC0 /* Build configuration list for PBXNativeTarget "PresentationTests" */;
			buildPhases = (
				451455362019F0D400939DC0 /* Sources */,
				451455372019F0D400939DC0 /* Frameworks */,
				451455382019F0D400939DC0 /* Resources */,
			);
			buildRules = (
			);
			dependencies = (
				4514553D2019F0D400939DC0 /* PBXTargetDependency */,
				4514553F2019F0D400939DC0 /* PBXTargetDependency */,
			);
			name = PresentationTests;
			productName = PresentationTests;
			productReference = 4514553A2019F0D400939DC0 /* PresentationTests.xctest */;
			productType = "com.apple.product-type.bundle.unit-test";
		};
		4532F0212019D804003BB701 /* CleanSwiftApp */ = {
			isa = PBXNativeTarget;
			buildConfigurationList = 4532F0342019D804003BB701 /* Build configuration list for PBXNativeTarget "CleanSwiftApp" */;
			buildPhases = (
				63230982D823320A94AECD33 /* [CP] Check Pods Manifest.lock */,
				4532F01E2019D804003BB701 /* Sources */,
				4532F01F2019D804003BB701 /* Frameworks */,
				4532F0202019D804003BB701 /* Resources */,
				FC4D2260CDE4FC4AB4BE96DD /* [CP] Embed Pods Frameworks */,
				E539426F8A5A7DE58D03A181 /* [CP] Copy Pods Resources */,
				45961ADF2019DAF600EF5B5C /* Embed Frameworks */,
			);
			buildRules = (
			);
			dependencies = (
				45961AD72019DAF600EF5B5C /* PBXTargetDependency */,
				45961AFA2019DB0200EF5B5C /* PBXTargetDependency */,
				451455462019F0D500939DC0 /* PBXTargetDependency */,
			);
			name = CleanSwiftApp;
			productName = CleanSwiftApp;
			productReference = 4532F0222019D804003BB701 /* CleanSwiftApp.app */;
			productType = "com.apple.product-type.application";
		};
		45961AC22019DAF600EF5B5C /* Domain */ = {
			isa = PBXNativeTarget;
			buildConfigurationList = 45961ADE2019DAF600EF5B5C /* Build configuration list for PBXNativeTarget "Domain" */;
			buildPhases = (
				C7E1715FA535D72C10E25492 /* [CP] Check Pods Manifest.lock */,
				45961ABE2019DAF600EF5B5C /* Sources */,
				45961ABF2019DAF600EF5B5C /* Frameworks */,
				45961AC02019DAF600EF5B5C /* Headers */,
				45961AC12019DAF600EF5B5C /* Resources */,
				6624BD8103225D67EB55FA23 /* [CP] Copy Pods Resources */,
			);
			buildRules = (
			);
			dependencies = (
			);
			name = Domain;
			productName = Domain;
			productReference = 45961AC32019DAF600EF5B5C /* Domain.framework */;
			productType = "com.apple.product-type.framework";
		};
		45961ACA2019DAF600EF5B5C /* DomainTests */ = {
			isa = PBXNativeTarget;
			buildConfigurationList = 45961AE02019DAF600EF5B5C /* Build configuration list for PBXNativeTarget "DomainTests" */;
			buildPhases = (
				45961AC72019DAF600EF5B5C /* Sources */,
				45961AC82019DAF600EF5B5C /* Frameworks */,
				45961AC92019DAF600EF5B5C /* Resources */,
			);
			buildRules = (
			);
			dependencies = (
				45961ACE2019DAF600EF5B5C /* PBXTargetDependency */,
				45961AD02019DAF600EF5B5C /* PBXTargetDependency */,
			);
			name = DomainTests;
			productName = DomainTests;
			productReference = 45961ACB2019DAF600EF5B5C /* DomainTests.xctest */;
			productType = "com.apple.product-type.bundle.unit-test";
		};
		45961AE52019DB0200EF5B5C /* data */ = {
			isa = PBXNativeTarget;
			buildConfigurationList = 45961AFD2019DB0200EF5B5C /* Build configuration list for PBXNativeTarget "data" */;
			buildPhases = (
				F5123D732C4EE5346E530DC5 /* [CP] Check Pods Manifest.lock */,
				45961AE12019DB0200EF5B5C /* Sources */,
				45961AE22019DB0200EF5B5C /* Frameworks */,
				45961AE32019DB0200EF5B5C /* Headers */,
				45961AE42019DB0200EF5B5C /* Resources */,
				C1FF865209A0EC9D62763842 /* [CP] Copy Pods Resources */,
			);
			buildRules = (
			);
			dependencies = (
				459E633B201C84000097528A /* PBXTargetDependency */,
			);
			name = data;
			productName = Data;
			productReference = 45961AE62019DB0200EF5B5C /* data.framework */;
			productType = "com.apple.product-type.framework";
		};
		45961AED2019DB0200EF5B5C /* dataTests */ = {
			isa = PBXNativeTarget;
			buildConfigurationList = 45961B002019DB0200EF5B5C /* Build configuration list for PBXNativeTarget "dataTests" */;
			buildPhases = (
				17662C4A6B200EC2622BA286 /* [CP] Check Pods Manifest.lock */,
				45961AEA2019DB0200EF5B5C /* Sources */,
				45961AEB2019DB0200EF5B5C /* Frameworks */,
				45961AEC2019DB0200EF5B5C /* Resources */,
				80DD97AE2B70B56DEC9D1FDB /* [CP] Embed Pods Frameworks */,
				D60BC30CAFB92E84763D19D2 /* [CP] Copy Pods Resources */,
			);
			buildRules = (
			);
			dependencies = (
				45961AF12019DB0200EF5B5C /* PBXTargetDependency */,
				45961AF32019DB0200EF5B5C /* PBXTargetDependency */,
			);
			name = dataTests;
			productName = DataTests;
			productReference = 45961AEE2019DB0200EF5B5C /* dataTests.xctest */;
			productType = "com.apple.product-type.bundle.unit-test";
		};
/* End PBXNativeTarget section */

/* Begin PBXProject section */
		4532F01A2019D804003BB701 /* Project object */ = {
			isa = PBXProject;
			attributes = {
				LastSwiftUpdateCheck = 0920;
				LastUpgradeCheck = 0920;
				ORGANIZATIONNAME = "Giorgos Tsiapaliokas";
				TargetAttributes = {
					451455312019F0D400939DC0 = {
						CreatedOnToolsVersion = 9.2;
						LastSwiftMigration = 0920;
						ProvisioningStyle = Automatic;
					};
					451455392019F0D400939DC0 = {
						CreatedOnToolsVersion = 9.2;
						ProvisioningStyle = Automatic;
						TestTargetID = 4532F0212019D804003BB701;
					};
					4532F0212019D804003BB701 = {
						CreatedOnToolsVersion = 9.2;
						ProvisioningStyle = Automatic;
					};
					45961AC22019DAF600EF5B5C = {
						CreatedOnToolsVersion = 9.2;
						LastSwiftMigration = 0920;
						ProvisioningStyle = Automatic;
					};
					45961ACA2019DAF600EF5B5C = {
						CreatedOnToolsVersion = 9.2;
						ProvisioningStyle = Automatic;
						TestTargetID = 4532F0212019D804003BB701;
					};
					45961AE52019DB0200EF5B5C = {
						CreatedOnToolsVersion = 9.2;
						LastSwiftMigration = 0920;
						ProvisioningStyle = Automatic;
					};
					45961AED2019DB0200EF5B5C = {
						CreatedOnToolsVersion = 9.2;
						ProvisioningStyle = Automatic;
						TestTargetID = 4532F0212019D804003BB701;
					};
				};
			};
			buildConfigurationList = 4532F01D2019D804003BB701 /* Build configuration list for PBXProject "CleanSwiftApp" */;
			compatibilityVersion = "Xcode 8.0";
			developmentRegion = en;
			hasScannedForEncodings = 0;
			knownRegions = (
				en,
				Base,
			);
			mainGroup = 4532F0192019D804003BB701;
			productRefGroup = 4532F0232019D804003BB701 /* Products */;
			projectDirPath = "";
			projectRoot = "";
			targets = (
				4532F0212019D804003BB701 /* CleanSwiftApp */,
				45961AC22019DAF600EF5B5C /* Domain */,
				45961ACA2019DAF600EF5B5C /* DomainTests */,
				45961AE52019DB0200EF5B5C /* data */,
				45961AED2019DB0200EF5B5C /* dataTests */,
				451455312019F0D400939DC0 /* Presentation */,
				451455392019F0D400939DC0 /* PresentationTests */,
			);
		};
/* End PBXProject section */

/* Begin PBXResourcesBuildPhase section */
		451455302019F0D400939DC0 /* Resources */ = {
			isa = PBXResourcesBuildPhase;
			buildActionMask = 2147483647;
			files = (
			);
			runOnlyForDeploymentPostprocessing = 0;
		};
		451455382019F0D400939DC0 /* Resources */ = {
			isa = PBXResourcesBuildPhase;
			buildActionMask = 2147483647;
			files = (
			);
			runOnlyForDeploymentPostprocessing = 0;
		};
		4532F0202019D804003BB701 /* Resources */ = {
			isa = PBXResourcesBuildPhase;
			buildActionMask = 2147483647;
			files = (
				45F6213F2019DF0C0006BC37 /* Posts.storyboard in Resources */,
				4532F0302019D804003BB701 /* LaunchScreen.storyboard in Resources */,
				4532F02D2019D804003BB701 /* Assets.xcassets in Resources */,
				4532F02B2019D804003BB701 /* Main.storyboard in Resources */,
			);
			runOnlyForDeploymentPostprocessing = 0;
		};
		45961AC12019DAF600EF5B5C /* Resources */ = {
			isa = PBXResourcesBuildPhase;
			buildActionMask = 2147483647;
			files = (
			);
			runOnlyForDeploymentPostprocessing = 0;
		};
		45961AC92019DAF600EF5B5C /* Resources */ = {
			isa = PBXResourcesBuildPhase;
			buildActionMask = 2147483647;
			files = (
			);
			runOnlyForDeploymentPostprocessing = 0;
		};
		45961AE42019DB0200EF5B5C /* Resources */ = {
			isa = PBXResourcesBuildPhase;
			buildActionMask = 2147483647;
			files = (
			);
			runOnlyForDeploymentPostprocessing = 0;
		};
		45961AEC2019DB0200EF5B5C /* Resources */ = {
			isa = PBXResourcesBuildPhase;
			buildActionMask = 2147483647;
			files = (
			);
			runOnlyForDeploymentPostprocessing = 0;
		};
/* End PBXResourcesBuildPhase section */

/* Begin PBXShellScriptBuildPhase section */
		17662C4A6B200EC2622BA286 /* [CP] Check Pods Manifest.lock */ = {
			isa = PBXShellScriptBuildPhase;
			buildActionMask = 2147483647;
			files = (
			);
			inputPaths = (
				"${PODS_PODFILE_DIR_PATH}/Podfile.lock",
				"${PODS_ROOT}/Manifest.lock",
			);
			name = "[CP] Check Pods Manifest.lock";
			outputPaths = (
				"$(DERIVED_FILE_DIR)/Pods-dataTests-checkManifestLockResult.txt",
			);
			runOnlyForDeploymentPostprocessing = 0;
			shellPath = /bin/sh;
			shellScript = "diff \"${PODS_PODFILE_DIR_PATH}/Podfile.lock\" \"${PODS_ROOT}/Manifest.lock\" > /dev/null\nif [ $? != 0 ] ; then\n    # print error to STDERR\n    echo \"error: The sandbox is not in sync with the Podfile.lock. Run 'pod install' or update your CocoaPods installation.\" >&2\n    exit 1\nfi\n# This output is used by Xcode 'outputs' to avoid re-running this script phase.\necho \"SUCCESS\" > \"${SCRIPT_OUTPUT_FILE_0}\"\n";
			showEnvVarsInLog = 0;
		};
		63230982D823320A94AECD33 /* [CP] Check Pods Manifest.lock */ = {
			isa = PBXShellScriptBuildPhase;
			buildActionMask = 2147483647;
			files = (
			);
			inputPaths = (
				"${PODS_PODFILE_DIR_PATH}/Podfile.lock",
				"${PODS_ROOT}/Manifest.lock",
			);
			name = "[CP] Check Pods Manifest.lock";
			outputPaths = (
				"$(DERIVED_FILE_DIR)/Pods-CleanSwiftApp-checkManifestLockResult.txt",
			);
			runOnlyForDeploymentPostprocessing = 0;
			shellPath = /bin/sh;
			shellScript = "diff \"${PODS_PODFILE_DIR_PATH}/Podfile.lock\" \"${PODS_ROOT}/Manifest.lock\" > /dev/null\nif [ $? != 0 ] ; then\n    # print error to STDERR\n    echo \"error: The sandbox is not in sync with the Podfile.lock. Run 'pod install' or update your CocoaPods installation.\" >&2\n    exit 1\nfi\n# This output is used by Xcode 'outputs' to avoid re-running this script phase.\necho \"SUCCESS\" > \"${SCRIPT_OUTPUT_FILE_0}\"\n";
			showEnvVarsInLog = 0;
		};
		6624BD8103225D67EB55FA23 /* [CP] Copy Pods Resources */ = {
			isa = PBXShellScriptBuildPhase;
			buildActionMask = 2147483647;
			files = (
			);
			inputPaths = (
			);
			name = "[CP] Copy Pods Resources";
			outputPaths = (
			);
			runOnlyForDeploymentPostprocessing = 0;
			shellPath = /bin/sh;
			shellScript = "\"${SRCROOT}/Pods/Target Support Files/Pods-Domain/Pods-Domain-resources.sh\"\n";
			showEnvVarsInLog = 0;
		};
		80DD97AE2B70B56DEC9D1FDB /* [CP] Embed Pods Frameworks */ = {
			isa = PBXShellScriptBuildPhase;
			buildActionMask = 2147483647;
			files = (
			);
			inputPaths = (
				"${SRCROOT}/Pods/Target Support Files/Pods-dataTests/Pods-dataTests-frameworks.sh",
				"${BUILT_PRODUCTS_DIR}/RxSwift/RxSwift.framework",
				"${BUILT_PRODUCTS_DIR}/RxBlocking/RxBlocking.framework",
				"${BUILT_PRODUCTS_DIR}/RxCocoa/RxCocoa.framework",
			);
			name = "[CP] Embed Pods Frameworks";
			outputPaths = (
				"${TARGET_BUILD_DIR}/${FRAMEWORKS_FOLDER_PATH}/RxSwift.framework",
				"${TARGET_BUILD_DIR}/${FRAMEWORKS_FOLDER_PATH}/RxBlocking.framework",
				"${TARGET_BUILD_DIR}/${FRAMEWORKS_FOLDER_PATH}/RxCocoa.framework",
			);
			runOnlyForDeploymentPostprocessing = 0;
			shellPath = /bin/sh;
			shellScript = "\"${SRCROOT}/Pods/Target Support Files/Pods-dataTests/Pods-dataTests-frameworks.sh\"\n";
			showEnvVarsInLog = 0;
		};
		C1FF865209A0EC9D62763842 /* [CP] Copy Pods Resources */ = {
			isa = PBXShellScriptBuildPhase;
			buildActionMask = 2147483647;
			files = (
			);
			inputPaths = (
			);
			name = "[CP] Copy Pods Resources";
			outputPaths = (
			);
			runOnlyForDeploymentPostprocessing = 0;
			shellPath = /bin/sh;
			shellScript = "\"${SRCROOT}/Pods/Target Support Files/Pods-data/Pods-data-resources.sh\"\n";
			showEnvVarsInLog = 0;
		};
		C7E1715FA535D72C10E25492 /* [CP] Check Pods Manifest.lock */ = {
			isa = PBXShellScriptBuildPhase;
			buildActionMask = 2147483647;
			files = (
			);
			inputPaths = (
				"${PODS_PODFILE_DIR_PATH}/Podfile.lock",
				"${PODS_ROOT}/Manifest.lock",
			);
			name = "[CP] Check Pods Manifest.lock";
			outputPaths = (
				"$(DERIVED_FILE_DIR)/Pods-Domain-checkManifestLockResult.txt",
			);
			runOnlyForDeploymentPostprocessing = 0;
			shellPath = /bin/sh;
			shellScript = "diff \"${PODS_PODFILE_DIR_PATH}/Podfile.lock\" \"${PODS_ROOT}/Manifest.lock\" > /dev/null\nif [ $? != 0 ] ; then\n    # print error to STDERR\n    echo \"error: The sandbox is not in sync with the Podfile.lock. Run 'pod install' or update your CocoaPods installation.\" >&2\n    exit 1\nfi\n# This output is used by Xcode 'outputs' to avoid re-running this script phase.\necho \"SUCCESS\" > \"${SCRIPT_OUTPUT_FILE_0}\"\n";
			showEnvVarsInLog = 0;
		};
		D60BC30CAFB92E84763D19D2 /* [CP] Copy Pods Resources */ = {
			isa = PBXShellScriptBuildPhase;
			buildActionMask = 2147483647;
			files = (
			);
			inputPaths = (
			);
			name = "[CP] Copy Pods Resources";
			outputPaths = (
			);
			runOnlyForDeploymentPostprocessing = 0;
			shellPath = /bin/sh;
			shellScript = "\"${SRCROOT}/Pods/Target Support Files/Pods-dataTests/Pods-dataTests-resources.sh\"\n";
			showEnvVarsInLog = 0;
		};
		E539426F8A5A7DE58D03A181 /* [CP] Copy Pods Resources */ = {
			isa = PBXShellScriptBuildPhase;
			buildActionMask = 2147483647;
			files = (
			);
			inputPaths = (
			);
			name = "[CP] Copy Pods Resources";
			outputPaths = (
			);
			runOnlyForDeploymentPostprocessing = 0;
			shellPath = /bin/sh;
			shellScript = "\"${SRCROOT}/Pods/Target Support Files/Pods-CleanSwiftApp/Pods-CleanSwiftApp-resources.sh\"\n";
			showEnvVarsInLog = 0;
		};
		F5123D732C4EE5346E530DC5 /* [CP] Check Pods Manifest.lock */ = {
			isa = PBXShellScriptBuildPhase;
			buildActionMask = 2147483647;
			files = (
			);
			inputPaths = (
				"${PODS_PODFILE_DIR_PATH}/Podfile.lock",
				"${PODS_ROOT}/Manifest.lock",
			);
			name = "[CP] Check Pods Manifest.lock";
			outputPaths = (
				"$(DERIVED_FILE_DIR)/Pods-data-checkManifestLockResult.txt",
			);
			runOnlyForDeploymentPostprocessing = 0;
			shellPath = /bin/sh;
			shellScript = "diff \"${PODS_PODFILE_DIR_PATH}/Podfile.lock\" \"${PODS_ROOT}/Manifest.lock\" > /dev/null\nif [ $? != 0 ] ; then\n    # print error to STDERR\n    echo \"error: The sandbox is not in sync with the Podfile.lock. Run 'pod install' or update your CocoaPods installation.\" >&2\n    exit 1\nfi\n# This output is used by Xcode 'outputs' to avoid re-running this script phase.\necho \"SUCCESS\" > \"${SCRIPT_OUTPUT_FILE_0}\"\n";
			showEnvVarsInLog = 0;
		};
		FC4D2260CDE4FC4AB4BE96DD /* [CP] Embed Pods Frameworks */ = {
			isa = PBXShellScriptBuildPhase;
			buildActionMask = 2147483647;
			files = (
			);
			inputPaths = (
				"${SRCROOT}/Pods/Target Support Files/Pods-CleanSwiftApp/Pods-CleanSwiftApp-frameworks.sh",
				"${BUILT_PRODUCTS_DIR}/Differentiator/Differentiator.framework",
				"${BUILT_PRODUCTS_DIR}/RxCocoa/RxCocoa.framework",
				"${BUILT_PRODUCTS_DIR}/RxDataSources/RxDataSources.framework",
				"${BUILT_PRODUCTS_DIR}/RxSwift/RxSwift.framework",
			);
			name = "[CP] Embed Pods Frameworks";
			outputPaths = (
				"${TARGET_BUILD_DIR}/${FRAMEWORKS_FOLDER_PATH}/Differentiator.framework",
				"${TARGET_BUILD_DIR}/${FRAMEWORKS_FOLDER_PATH}/RxCocoa.framework",
				"${TARGET_BUILD_DIR}/${FRAMEWORKS_FOLDER_PATH}/RxDataSources.framework",
				"${TARGET_BUILD_DIR}/${FRAMEWORKS_FOLDER_PATH}/RxSwift.framework",
			);
			runOnlyForDeploymentPostprocessing = 0;
			shellPath = /bin/sh;
			shellScript = "\"${SRCROOT}/Pods/Target Support Files/Pods-CleanSwiftApp/Pods-CleanSwiftApp-frameworks.sh\"\n";
			showEnvVarsInLog = 0;
		};
/* End PBXShellScriptBuildPhase section */

/* Begin PBXSourcesBuildPhase section */
		4514552D2019F0D400939DC0 /* Sources */ = {
			isa = PBXSourcesBuildPhase;
			buildActionMask = 2147483647;
			files = (
				451455522019F10A00939DC0 /* DomainToPresentationMappable.swift in Sources */,
				451455562019F13900939DC0 /* Post+Mappable.swift in Sources */,
				451455542019F11F00939DC0 /* Post.swift in Sources */,
			);
			runOnlyForDeploymentPostprocessing = 0;
		};
		451455362019F0D400939DC0 /* Sources */ = {
			isa = PBXSourcesBuildPhase;
			buildActionMask = 2147483647;
			files = (
				451455422019F0D400939DC0 /* PresentationTests.swift in Sources */,
			);
			runOnlyForDeploymentPostprocessing = 0;
		};
		4532F01E2019D804003BB701 /* Sources */ = {
			isa = PBXSourcesBuildPhase;
			buildActionMask = 2147483647;
			files = (
				45145560201A092E00939DC0 /* BaseTableViewCell.swift in Sources */,
				4514555B2019F61C00939DC0 /* PostViewCell.swift in Sources */,
				451455592019F55A00939DC0 /* Reuseable.swift in Sources */,
				45F621472019E3FA0006BC37 /* PostsViewModel.swift in Sources */,
				45F621452019E1910006BC37 /* TabBarController.swift in Sources */,
				45F621432019E0AB0006BC37 /* PostsViewController.swift in Sources */,
				4514555E2019F81800939DC0 /* BaseViewController.swift in Sources */,
				4532F0262019D804003BB701 /* AppDelegate.swift in Sources */,
			);
			runOnlyForDeploymentPostprocessing = 0;
		};
		45961ABE2019DAF600EF5B5C /* Sources */ = {
			isa = PBXSourcesBuildPhase;
			buildActionMask = 2147483647;
			files = (
				453B7AE120218D3900B72472 /* Error.swift in Sources */,
				451455242019E99D00939DC0 /* SingleUseCase.swift in Sources */,
				4514551F2019E89400939DC0 /* PostsRepository.swift in Sources */,
				4514551C2019E84F00939DC0 /* User.swift in Sources */,
				451455222019E8E000939DC0 /* FetchPostsWithUserUseCase.swift in Sources */,
				453B7ADF20218C4400B72472 /* PostWithUser.swift in Sources */,
				45881079201F7B6700DF30FB /* UsersRepository.swift in Sources */,
				4514551A2019E7CB00939DC0 /* Post.swift in Sources */,
			);
			runOnlyForDeploymentPostprocessing = 0;
		};
		45961AC72019DAF600EF5B5C /* Sources */ = {
			isa = PBXSourcesBuildPhase;
			buildActionMask = 2147483647;
			files = (
				45961AD32019DAF600EF5B5C /* DomainTests.swift in Sources */,
			);
			runOnlyForDeploymentPostprocessing = 0;
		};
		45961AE12019DB0200EF5B5C /* Sources */ = {
			isa = PBXSourcesBuildPhase;
			buildActionMask = 2147483647;
			files = (
				45881075201F79DB00DF30FB /* FetchUsersResponse.swift in Sources */,
				4514557C201A390800939DC0 /* NSManagedObjectContext+Extensions.swift in Sources */,
				45145575201A1B9900939DC0 /* CoreDataStack.swift in Sources */,
				45145565201A0DE000939DC0 /* Route.swift in Sources */,
				459E6339201C7A450097528A /* Store.swift in Sources */,
				45145569201A11C800939DC0 /* PostsStore.swift in Sources */,
				4514557A201A1E4700939DC0 /* PostEntity+Mappable.swift in Sources */,
				45881073201F78E000DF30FB /* UsersStore.swift in Sources */,
				45145563201A0DC900939DC0 /* NetworkService.swift in Sources */,
				4514556C201A12F300939DC0 /* FetchPostsResponse.swift in Sources */,
				45145578201A1DFC00939DC0 /* DataToDomainMappable.swift in Sources */,
				457EAB992024481700FD85C6 /* UsersRepositoryFactory.swift in Sources */,
				459E6337201C79A60097528A /* FetchableRepository.swift in Sources */,
				457EAB9B2024497300FD85C6 /* PostsReporitoryFactory.swift in Sources */,
				4514552C2019EF3600939DC0 /* PostsRepository.swift in Sources */,
				4588107B201F7B9900DF30FB /* UserEntity+Mappable.swift in Sources */,
				45881077201F7AB100DF30FB /* UsersRepository.swift in Sources */,
				45145571201A147400939DC0 /* Model.xcdatamodeld in Sources */,
			);
			runOnlyForDeploymentPostprocessing = 0;
		};
		45961AEA2019DB0200EF5B5C /* Sources */ = {
			isa = PBXSourcesBuildPhase;
			buildActionMask = 2147483647;
			files = (
				457EAB9D2024511400FD85C6 /* NetworkServiceType+Test.swift in Sources */,
				453B7AE52021923200B72472 /* UsersRepositoryTests.swift in Sources */,
				45961AF62019DB0200EF5B5C /* DataTests.swift in Sources */,
				451EE20E20233EFE0040A0F4 /* PostsRepositoryTests.swift in Sources */,
			);
			runOnlyForDeploymentPostprocessing = 0;
		};
/* End PBXSourcesBuildPhase section */

/* Begin PBXTargetDependency section */
		4514553D2019F0D400939DC0 /* PBXTargetDependency */ = {
			isa = PBXTargetDependency;
			target = 451455312019F0D400939DC0 /* Presentation */;
			targetProxy = 4514553C2019F0D400939DC0 /* PBXContainerItemProxy */;
		};
		4514553F2019F0D400939DC0 /* PBXTargetDependency */ = {
			isa = PBXTargetDependency;
			target = 4532F0212019D804003BB701 /* CleanSwiftApp */;
			targetProxy = 4514553E2019F0D400939DC0 /* PBXContainerItemProxy */;
		};
		451455462019F0D500939DC0 /* PBXTargetDependency */ = {
			isa = PBXTargetDependency;
			target = 451455312019F0D400939DC0 /* Presentation */;
			targetProxy = 451455452019F0D500939DC0 /* PBXContainerItemProxy */;
		};
		45145573201A177700939DC0 /* PBXTargetDependency */ = {
			isa = PBXTargetDependency;
			target = 45961AC22019DAF600EF5B5C /* Domain */;
			targetProxy = 45145572201A177700939DC0 /* PBXContainerItemProxy */;
		};
		45961ACE2019DAF600EF5B5C /* PBXTargetDependency */ = {
			isa = PBXTargetDependency;
			target = 45961AC22019DAF600EF5B5C /* Domain */;
			targetProxy = 45961ACD2019DAF600EF5B5C /* PBXContainerItemProxy */;
		};
		45961AD02019DAF600EF5B5C /* PBXTargetDependency */ = {
			isa = PBXTargetDependency;
			target = 4532F0212019D804003BB701 /* CleanSwiftApp */;
			targetProxy = 45961ACF2019DAF600EF5B5C /* PBXContainerItemProxy */;
		};
		45961AD72019DAF600EF5B5C /* PBXTargetDependency */ = {
			isa = PBXTargetDependency;
			target = 45961AC22019DAF600EF5B5C /* Domain */;
			targetProxy = 45961AD62019DAF600EF5B5C /* PBXContainerItemProxy */;
		};
		45961AF12019DB0200EF5B5C /* PBXTargetDependency */ = {
			isa = PBXTargetDependency;
			target = 45961AE52019DB0200EF5B5C /* data */;
			targetProxy = 45961AF02019DB0200EF5B5C /* PBXContainerItemProxy */;
		};
		45961AF32019DB0200EF5B5C /* PBXTargetDependency */ = {
			isa = PBXTargetDependency;
			target = 4532F0212019D804003BB701 /* CleanSwiftApp */;
			targetProxy = 45961AF22019DB0200EF5B5C /* PBXContainerItemProxy */;
		};
		45961AFA2019DB0200EF5B5C /* PBXTargetDependency */ = {
			isa = PBXTargetDependency;
			target = 45961AE52019DB0200EF5B5C /* data */;
			targetProxy = 45961AF92019DB0200EF5B5C /* PBXContainerItemProxy */;
		};
		459E633B201C84000097528A /* PBXTargetDependency */ = {
			isa = PBXTargetDependency;
			target = 45961AC22019DAF600EF5B5C /* Domain */;
			targetProxy = 459E633A201C84000097528A /* PBXContainerItemProxy */;
		};
/* End PBXTargetDependency section */

/* Begin PBXVariantGroup section */
		4532F0292019D804003BB701 /* Main.storyboard */ = {
			isa = PBXVariantGroup;
			children = (
				4532F02A2019D804003BB701 /* Base */,
			);
			name = Main.storyboard;
			sourceTree = "<group>";
		};
		4532F02E2019D804003BB701 /* LaunchScreen.storyboard */ = {
			isa = PBXVariantGroup;
			children = (
				4532F02F2019D804003BB701 /* Base */,
			);
			name = LaunchScreen.storyboard;
			sourceTree = "<group>";
		};
		45F6213D2019DF0C0006BC37 /* Posts.storyboard */ = {
			isa = PBXVariantGroup;
			children = (
				45F6213E2019DF0C0006BC37 /* Base */,
			);
			name = Posts.storyboard;
			sourceTree = "<group>";
		};
/* End PBXVariantGroup section */

/* Begin XCBuildConfiguration section */
		4514554A2019F0D500939DC0 /* Debug */ = {
			isa = XCBuildConfiguration;
			buildSettings = {
				CLANG_ENABLE_MODULES = YES;
				CODE_SIGN_IDENTITY = "";
				CODE_SIGN_STYLE = Automatic;
				CURRENT_PROJECT_VERSION = 1;
				DEFINES_MODULE = YES;
				DYLIB_COMPATIBILITY_VERSION = 1;
				DYLIB_CURRENT_VERSION = 1;
				DYLIB_INSTALL_NAME_BASE = "@rpath";
				INFOPLIST_FILE = Presentation/Info.plist;
				INSTALL_PATH = "$(LOCAL_LIBRARY_DIR)/Frameworks";
				LD_RUNPATH_SEARCH_PATHS = "$(inherited) @executable_path/Frameworks @loader_path/Frameworks";
				PRODUCT_BUNDLE_IDENTIFIER = com.github.terietor.Presentation;
				PRODUCT_NAME = "$(TARGET_NAME:c99extidentifier)";
				SKIP_INSTALL = YES;
				SWIFT_OPTIMIZATION_LEVEL = "-Onone";
				SWIFT_VERSION = 4.0;
				TARGETED_DEVICE_FAMILY = "1,2";
				VERSIONING_SYSTEM = "apple-generic";
				VERSION_INFO_PREFIX = "";
			};
			name = Debug;
		};
		4514554B2019F0D500939DC0 /* Release */ = {
			isa = XCBuildConfiguration;
			buildSettings = {
				CLANG_ENABLE_MODULES = YES;
				CODE_SIGN_IDENTITY = "";
				CODE_SIGN_STYLE = Automatic;
				CURRENT_PROJECT_VERSION = 1;
				DEFINES_MODULE = YES;
				DYLIB_COMPATIBILITY_VERSION = 1;
				DYLIB_CURRENT_VERSION = 1;
				DYLIB_INSTALL_NAME_BASE = "@rpath";
				INFOPLIST_FILE = Presentation/Info.plist;
				INSTALL_PATH = "$(LOCAL_LIBRARY_DIR)/Frameworks";
				LD_RUNPATH_SEARCH_PATHS = "$(inherited) @executable_path/Frameworks @loader_path/Frameworks";
				PRODUCT_BUNDLE_IDENTIFIER = com.github.terietor.Presentation;
				PRODUCT_NAME = "$(TARGET_NAME:c99extidentifier)";
				SKIP_INSTALL = YES;
				SWIFT_VERSION = 4.0;
				TARGETED_DEVICE_FAMILY = "1,2";
				VERSIONING_SYSTEM = "apple-generic";
				VERSION_INFO_PREFIX = "";
			};
			name = Release;
		};
		4514554D2019F0D500939DC0 /* Debug */ = {
			isa = XCBuildConfiguration;
			buildSettings = {
				ALWAYS_EMBED_SWIFT_STANDARD_LIBRARIES = YES;
				CODE_SIGN_STYLE = Automatic;
				INFOPLIST_FILE = PresentationTests/Info.plist;
				LD_RUNPATH_SEARCH_PATHS = "$(inherited) @executable_path/Frameworks @loader_path/Frameworks";
				PRODUCT_BUNDLE_IDENTIFIER = com.github.terietor.PresentationTests;
				PRODUCT_NAME = "$(TARGET_NAME)";
				SWIFT_VERSION = 4.0;
				TARGETED_DEVICE_FAMILY = "1,2";
				TEST_HOST = "$(BUILT_PRODUCTS_DIR)/CleanSwiftApp.app/CleanSwiftApp";
			};
			name = Debug;
		};
		4514554E2019F0D500939DC0 /* Release */ = {
			isa = XCBuildConfiguration;
			buildSettings = {
				ALWAYS_EMBED_SWIFT_STANDARD_LIBRARIES = YES;
				CODE_SIGN_STYLE = Automatic;
				INFOPLIST_FILE = PresentationTests/Info.plist;
				LD_RUNPATH_SEARCH_PATHS = "$(inherited) @executable_path/Frameworks @loader_path/Frameworks";
				PRODUCT_BUNDLE_IDENTIFIER = com.github.terietor.PresentationTests;
				PRODUCT_NAME = "$(TARGET_NAME)";
				SWIFT_VERSION = 4.0;
				TARGETED_DEVICE_FAMILY = "1,2";
				TEST_HOST = "$(BUILT_PRODUCTS_DIR)/CleanSwiftApp.app/CleanSwiftApp";
			};
			name = Release;
		};
		4532F0322019D804003BB701 /* Debug */ = {
			isa = XCBuildConfiguration;
			buildSettings = {
				ALWAYS_SEARCH_USER_PATHS = NO;
				CLANG_ANALYZER_NONNULL = YES;
				CLANG_ANALYZER_NUMBER_OBJECT_CONVERSION = YES_AGGRESSIVE;
				CLANG_CXX_LANGUAGE_STANDARD = "gnu++14";
				CLANG_CXX_LIBRARY = "libc++";
				CLANG_ENABLE_MODULES = YES;
				CLANG_ENABLE_OBJC_ARC = YES;
				CLANG_WARN_BLOCK_CAPTURE_AUTORELEASING = YES;
				CLANG_WARN_BOOL_CONVERSION = YES;
				CLANG_WARN_COMMA = YES;
				CLANG_WARN_CONSTANT_CONVERSION = YES;
				CLANG_WARN_DIRECT_OBJC_ISA_USAGE = YES_ERROR;
				CLANG_WARN_DOCUMENTATION_COMMENTS = YES;
				CLANG_WARN_EMPTY_BODY = YES;
				CLANG_WARN_ENUM_CONVERSION = YES;
				CLANG_WARN_INFINITE_RECURSION = YES;
				CLANG_WARN_INT_CONVERSION = YES;
				CLANG_WARN_NON_LITERAL_NULL_CONVERSION = YES;
				CLANG_WARN_OBJC_LITERAL_CONVERSION = YES;
				CLANG_WARN_OBJC_ROOT_CLASS = YES_ERROR;
				CLANG_WARN_RANGE_LOOP_ANALYSIS = YES;
				CLANG_WARN_STRICT_PROTOTYPES = YES;
				CLANG_WARN_SUSPICIOUS_MOVE = YES;
				CLANG_WARN_UNGUARDED_AVAILABILITY = YES_AGGRESSIVE;
				CLANG_WARN_UNREACHABLE_CODE = YES;
				CLANG_WARN__DUPLICATE_METHOD_MATCH = YES;
				CODE_SIGN_IDENTITY = "iPhone Developer";
				COPY_PHASE_STRIP = NO;
				DEBUG_INFORMATION_FORMAT = dwarf;
				ENABLE_STRICT_OBJC_MSGSEND = YES;
				ENABLE_TESTABILITY = YES;
				GCC_C_LANGUAGE_STANDARD = gnu11;
				GCC_DYNAMIC_NO_PIC = NO;
				GCC_NO_COMMON_BLOCKS = YES;
				GCC_OPTIMIZATION_LEVEL = 0;
				GCC_PREPROCESSOR_DEFINITIONS = (
					"DEBUG=1",
					"$(inherited)",
				);
				GCC_WARN_64_TO_32_BIT_CONVERSION = YES;
				GCC_WARN_ABOUT_RETURN_TYPE = YES_ERROR;
				GCC_WARN_UNDECLARED_SELECTOR = YES;
				GCC_WARN_UNINITIALIZED_AUTOS = YES_AGGRESSIVE;
				GCC_WARN_UNUSED_FUNCTION = YES;
				GCC_WARN_UNUSED_VARIABLE = YES;
				IPHONEOS_DEPLOYMENT_TARGET = 11.2;
				MTL_ENABLE_DEBUG_INFO = YES;
				ONLY_ACTIVE_ARCH = YES;
				SDKROOT = iphoneos;
				SWIFT_ACTIVE_COMPILATION_CONDITIONS = DEBUG;
				SWIFT_OPTIMIZATION_LEVEL = "-Onone";
			};
			name = Debug;
		};
		4532F0332019D804003BB701 /* Release */ = {
			isa = XCBuildConfiguration;
			buildSettings = {
				ALWAYS_SEARCH_USER_PATHS = NO;
				CLANG_ANALYZER_NONNULL = YES;
				CLANG_ANALYZER_NUMBER_OBJECT_CONVERSION = YES_AGGRESSIVE;
				CLANG_CXX_LANGUAGE_STANDARD = "gnu++14";
				CLANG_CXX_LIBRARY = "libc++";
				CLANG_ENABLE_MODULES = YES;
				CLANG_ENABLE_OBJC_ARC = YES;
				CLANG_WARN_BLOCK_CAPTURE_AUTORELEASING = YES;
				CLANG_WARN_BOOL_CONVERSION = YES;
				CLANG_WARN_COMMA = YES;
				CLANG_WARN_CONSTANT_CONVERSION = YES;
				CLANG_WARN_DIRECT_OBJC_ISA_USAGE = YES_ERROR;
				CLANG_WARN_DOCUMENTATION_COMMENTS = YES;
				CLANG_WARN_EMPTY_BODY = YES;
				CLANG_WARN_ENUM_CONVERSION = YES;
				CLANG_WARN_INFINITE_RECURSION = YES;
				CLANG_WARN_INT_CONVERSION = YES;
				CLANG_WARN_NON_LITERAL_NULL_CONVERSION = YES;
				CLANG_WARN_OBJC_LITERAL_CONVERSION = YES;
				CLANG_WARN_OBJC_ROOT_CLASS = YES_ERROR;
				CLANG_WARN_RANGE_LOOP_ANALYSIS = YES;
				CLANG_WARN_STRICT_PROTOTYPES = YES;
				CLANG_WARN_SUSPICIOUS_MOVE = YES;
				CLANG_WARN_UNGUARDED_AVAILABILITY = YES_AGGRESSIVE;
				CLANG_WARN_UNREACHABLE_CODE = YES;
				CLANG_WARN__DUPLICATE_METHOD_MATCH = YES;
				CODE_SIGN_IDENTITY = "iPhone Developer";
				COPY_PHASE_STRIP = NO;
				DEBUG_INFORMATION_FORMAT = "dwarf-with-dsym";
				ENABLE_NS_ASSERTIONS = NO;
				ENABLE_STRICT_OBJC_MSGSEND = YES;
				GCC_C_LANGUAGE_STANDARD = gnu11;
				GCC_NO_COMMON_BLOCKS = YES;
				GCC_WARN_64_TO_32_BIT_CONVERSION = YES;
				GCC_WARN_ABOUT_RETURN_TYPE = YES_ERROR;
				GCC_WARN_UNDECLARED_SELECTOR = YES;
				GCC_WARN_UNINITIALIZED_AUTOS = YES_AGGRESSIVE;
				GCC_WARN_UNUSED_FUNCTION = YES;
				GCC_WARN_UNUSED_VARIABLE = YES;
				IPHONEOS_DEPLOYMENT_TARGET = 11.2;
				MTL_ENABLE_DEBUG_INFO = NO;
				SDKROOT = iphoneos;
				SWIFT_OPTIMIZATION_LEVEL = "-Owholemodule";
				VALIDATE_PRODUCT = YES;
			};
			name = Release;
		};
		4532F0352019D804003BB701 /* Debug */ = {
			isa = XCBuildConfiguration;
			baseConfigurationReference = 239A3E154B97B3373ECD699F /* Pods-CleanSwiftApp.debug.xcconfig */;
			buildSettings = {
				ALWAYS_EMBED_SWIFT_STANDARD_LIBRARIES = YES;
				ASSETCATALOG_COMPILER_APPICON_NAME = AppIcon;
				CODE_SIGN_STYLE = Automatic;
				INFOPLIST_FILE = CleanSwiftApp/Info.plist;
				LD_RUNPATH_SEARCH_PATHS = "$(inherited) @executable_path/Frameworks";
				PRODUCT_BUNDLE_IDENTIFIER = com.github.terietor.CleanSwiftApp;
				PRODUCT_NAME = "$(TARGET_NAME)";
				SWIFT_VERSION = 4.0;
				TARGETED_DEVICE_FAMILY = "1,2";
			};
			name = Debug;
		};
		4532F0362019D804003BB701 /* Release */ = {
			isa = XCBuildConfiguration;
			baseConfigurationReference = 45257CF6E9A8A65A7A9E2700 /* Pods-CleanSwiftApp.release.xcconfig */;
			buildSettings = {
				ALWAYS_EMBED_SWIFT_STANDARD_LIBRARIES = YES;
				ASSETCATALOG_COMPILER_APPICON_NAME = AppIcon;
				CODE_SIGN_STYLE = Automatic;
				INFOPLIST_FILE = CleanSwiftApp/Info.plist;
				LD_RUNPATH_SEARCH_PATHS = "$(inherited) @executable_path/Frameworks";
				PRODUCT_BUNDLE_IDENTIFIER = com.github.terietor.CleanSwiftApp;
				PRODUCT_NAME = "$(TARGET_NAME)";
				SWIFT_VERSION = 4.0;
				TARGETED_DEVICE_FAMILY = "1,2";
			};
			name = Release;
		};
		45961ADA2019DAF600EF5B5C /* Debug */ = {
			isa = XCBuildConfiguration;
			baseConfigurationReference = EC34B2DD0F0F41AB8B9AB7FD /* Pods-Domain.debug.xcconfig */;
			buildSettings = {
				CLANG_ENABLE_MODULES = YES;
				CODE_SIGN_IDENTITY = "";
				CODE_SIGN_STYLE = Automatic;
				CURRENT_PROJECT_VERSION = 1;
				DEFINES_MODULE = YES;
				DYLIB_COMPATIBILITY_VERSION = 1;
				DYLIB_CURRENT_VERSION = 1;
				DYLIB_INSTALL_NAME_BASE = "@rpath";
				INFOPLIST_FILE = Domain/Info.plist;
				INSTALL_PATH = "$(LOCAL_LIBRARY_DIR)/Frameworks";
				LD_RUNPATH_SEARCH_PATHS = "$(inherited) @executable_path/Frameworks @loader_path/Frameworks";
				PRODUCT_BUNDLE_IDENTIFIER = com.github.terietor.Domain;
				PRODUCT_NAME = "$(TARGET_NAME:c99extidentifier)";
				SKIP_INSTALL = YES;
				SWIFT_OPTIMIZATION_LEVEL = "-Onone";
				SWIFT_VERSION = 4.0;
				TARGETED_DEVICE_FAMILY = "1,2";
				VERSIONING_SYSTEM = "apple-generic";
				VERSION_INFO_PREFIX = "";
			};
			name = Debug;
		};
		45961ADB2019DAF600EF5B5C /* Release */ = {
			isa = XCBuildConfiguration;
			baseConfigurationReference = 7F624926EC90DB291FE41032 /* Pods-Domain.release.xcconfig */;
			buildSettings = {
				CLANG_ENABLE_MODULES = YES;
				CODE_SIGN_IDENTITY = "";
				CODE_SIGN_STYLE = Automatic;
				CURRENT_PROJECT_VERSION = 1;
				DEFINES_MODULE = YES;
				DYLIB_COMPATIBILITY_VERSION = 1;
				DYLIB_CURRENT_VERSION = 1;
				DYLIB_INSTALL_NAME_BASE = "@rpath";
				INFOPLIST_FILE = Domain/Info.plist;
				INSTALL_PATH = "$(LOCAL_LIBRARY_DIR)/Frameworks";
				LD_RUNPATH_SEARCH_PATHS = "$(inherited) @executable_path/Frameworks @loader_path/Frameworks";
				PRODUCT_BUNDLE_IDENTIFIER = com.github.terietor.Domain;
				PRODUCT_NAME = "$(TARGET_NAME:c99extidentifier)";
				SKIP_INSTALL = YES;
				SWIFT_VERSION = 4.0;
				TARGETED_DEVICE_FAMILY = "1,2";
				VERSIONING_SYSTEM = "apple-generic";
				VERSION_INFO_PREFIX = "";
			};
			name = Release;
		};
		45961ADC2019DAF600EF5B5C /* Debug */ = {
			isa = XCBuildConfiguration;
			buildSettings = {
				ALWAYS_EMBED_SWIFT_STANDARD_LIBRARIES = YES;
				CODE_SIGN_STYLE = Automatic;
				INFOPLIST_FILE = DomainTests/Info.plist;
				LD_RUNPATH_SEARCH_PATHS = "$(inherited) @executable_path/Frameworks @loader_path/Frameworks";
				PRODUCT_BUNDLE_IDENTIFIER = com.github.terietor.DomainTests;
				PRODUCT_NAME = "$(TARGET_NAME)";
				SWIFT_VERSION = 4.0;
				TARGETED_DEVICE_FAMILY = "1,2";
				TEST_HOST = "$(BUILT_PRODUCTS_DIR)/CleanSwiftApp.app/CleanSwiftApp";
			};
			name = Debug;
		};
		45961ADD2019DAF600EF5B5C /* Release */ = {
			isa = XCBuildConfiguration;
			buildSettings = {
				ALWAYS_EMBED_SWIFT_STANDARD_LIBRARIES = YES;
				CODE_SIGN_STYLE = Automatic;
				INFOPLIST_FILE = DomainTests/Info.plist;
				LD_RUNPATH_SEARCH_PATHS = "$(inherited) @executable_path/Frameworks @loader_path/Frameworks";
				PRODUCT_BUNDLE_IDENTIFIER = com.github.terietor.DomainTests;
				PRODUCT_NAME = "$(TARGET_NAME)";
				SWIFT_VERSION = 4.0;
				TARGETED_DEVICE_FAMILY = "1,2";
				TEST_HOST = "$(BUILT_PRODUCTS_DIR)/CleanSwiftApp.app/CleanSwiftApp";
			};
			name = Release;
		};
		45961AFE2019DB0200EF5B5C /* Debug */ = {
			isa = XCBuildConfiguration;
			baseConfigurationReference = 6EF62C4D5E1B84E3BB2A83AF /* Pods-data.debug.xcconfig */;
			buildSettings = {
				CLANG_ENABLE_MODULES = YES;
				CODE_SIGN_IDENTITY = "";
				CODE_SIGN_STYLE = Automatic;
				CURRENT_PROJECT_VERSION = 1;
				DEFINES_MODULE = YES;
				DYLIB_COMPATIBILITY_VERSION = 1;
				DYLIB_CURRENT_VERSION = 1;
				DYLIB_INSTALL_NAME_BASE = "@rpath";
				INFOPLIST_FILE = Data/Info.plist;
				INSTALL_PATH = "$(LOCAL_LIBRARY_DIR)/Frameworks";
				LD_RUNPATH_SEARCH_PATHS = "$(inherited) @executable_path/Frameworks @loader_path/Frameworks";
				PRODUCT_BUNDLE_IDENTIFIER = com.github.terietor.Data;
				PRODUCT_NAME = "$(TARGET_NAME:c99extidentifier)";
				SKIP_INSTALL = YES;
				SWIFT_OPTIMIZATION_LEVEL = "-Onone";
				SWIFT_VERSION = 4.0;
				TARGETED_DEVICE_FAMILY = "1,2";
				VERSIONING_SYSTEM = "apple-generic";
				VERSION_INFO_PREFIX = "";
			};
			name = Debug;
		};
		45961AFF2019DB0200EF5B5C /* Release */ = {
			isa = XCBuildConfiguration;
			baseConfigurationReference = E2FD6318AFE3675BF281B3EF /* Pods-data.release.xcconfig */;
			buildSettings = {
				CLANG_ENABLE_MODULES = YES;
				CODE_SIGN_IDENTITY = "";
				CODE_SIGN_STYLE = Automatic;
				CURRENT_PROJECT_VERSION = 1;
				DEFINES_MODULE = YES;
				DYLIB_COMPATIBILITY_VERSION = 1;
				DYLIB_CURRENT_VERSION = 1;
				DYLIB_INSTALL_NAME_BASE = "@rpath";
				INFOPLIST_FILE = Data/Info.plist;
				INSTALL_PATH = "$(LOCAL_LIBRARY_DIR)/Frameworks";
				LD_RUNPATH_SEARCH_PATHS = "$(inherited) @executable_path/Frameworks @loader_path/Frameworks";
				PRODUCT_BUNDLE_IDENTIFIER = com.github.terietor.Data;
				PRODUCT_NAME = "$(TARGET_NAME:c99extidentifier)";
				SKIP_INSTALL = YES;
				SWIFT_VERSION = 4.0;
				TARGETED_DEVICE_FAMILY = "1,2";
				VERSIONING_SYSTEM = "apple-generic";
				VERSION_INFO_PREFIX = "";
			};
			name = Release;
		};
		45961B012019DB0200EF5B5C /* Debug */ = {
			isa = XCBuildConfiguration;
			baseConfigurationReference = 907A2A63A63C17B57AC5808C /* Pods-dataTests.debug.xcconfig */;
			buildSettings = {
				ALWAYS_EMBED_SWIFT_STANDARD_LIBRARIES = YES;
				CODE_SIGN_STYLE = Automatic;
				INFOPLIST_FILE = DataTests/Info.plist;
				LD_RUNPATH_SEARCH_PATHS = "$(inherited) @executable_path/Frameworks @loader_path/Frameworks";
				PRODUCT_BUNDLE_IDENTIFIER = com.github.terietor.DataTests;
				PRODUCT_NAME = "$(TARGET_NAME)";
				SWIFT_VERSION = 4.0;
				TARGETED_DEVICE_FAMILY = "1,2";
				TEST_HOST = "$(BUILT_PRODUCTS_DIR)/CleanSwiftApp.app/CleanSwiftApp";
			};
			name = Debug;
		};
		45961B022019DB0200EF5B5C /* Release */ = {
			isa = XCBuildConfiguration;
			baseConfigurationReference = 8FEB1E8ABDCC552A2A0F69F6 /* Pods-dataTests.release.xcconfig */;
			buildSettings = {
				ALWAYS_EMBED_SWIFT_STANDARD_LIBRARIES = YES;
				CODE_SIGN_STYLE = Automatic;
				INFOPLIST_FILE = DataTests/Info.plist;
				LD_RUNPATH_SEARCH_PATHS = "$(inherited) @executable_path/Frameworks @loader_path/Frameworks";
				PRODUCT_BUNDLE_IDENTIFIER = com.github.terietor.DataTests;
				PRODUCT_NAME = "$(TARGET_NAME)";
				SWIFT_VERSION = 4.0;
				TARGETED_DEVICE_FAMILY = "1,2";
				TEST_HOST = "$(BUILT_PRODUCTS_DIR)/CleanSwiftApp.app/CleanSwiftApp";
			};
			name = Release;
		};
/* End XCBuildConfiguration section */

/* Begin XCConfigurationList section */
		451455492019F0D500939DC0 /* Build configuration list for PBXNativeTarget "Presentation" */ = {
			isa = XCConfigurationList;
			buildConfigurations = (
				4514554A2019F0D500939DC0 /* Debug */,
				4514554B2019F0D500939DC0 /* Release */,
			);
			defaultConfigurationIsVisible = 0;
			defaultConfigurationName = Release;
		};
		4514554C2019F0D500939DC0 /* Build configuration list for PBXNativeTarget "PresentationTests" */ = {
			isa = XCConfigurationList;
			buildConfigurations = (
				4514554D2019F0D500939DC0 /* Debug */,
				4514554E2019F0D500939DC0 /* Release */,
			);
			defaultConfigurationIsVisible = 0;
			defaultConfigurationName = Release;
		};
		4532F01D2019D804003BB701 /* Build configuration list for PBXProject "CleanSwiftApp" */ = {
			isa = XCConfigurationList;
			buildConfigurations = (
				4532F0322019D804003BB701 /* Debug */,
				4532F0332019D804003BB701 /* Release */,
			);
			defaultConfigurationIsVisible = 0;
			defaultConfigurationName = Release;
		};
		4532F0342019D804003BB701 /* Build configuration list for PBXNativeTarget "CleanSwiftApp" */ = {
			isa = XCConfigurationList;
			buildConfigurations = (
				4532F0352019D804003BB701 /* Debug */,
				4532F0362019D804003BB701 /* Release */,
			);
			defaultConfigurationIsVisible = 0;
			defaultConfigurationName = Release;
		};
		45961ADE2019DAF600EF5B5C /* Build configuration list for PBXNativeTarget "Domain" */ = {
			isa = XCConfigurationList;
			buildConfigurations = (
				45961ADA2019DAF600EF5B5C /* Debug */,
				45961ADB2019DAF600EF5B5C /* Release */,
			);
			defaultConfigurationIsVisible = 0;
			defaultConfigurationName = Release;
		};
		45961AE02019DAF600EF5B5C /* Build configuration list for PBXNativeTarget "DomainTests" */ = {
			isa = XCConfigurationList;
			buildConfigurations = (
				45961ADC2019DAF600EF5B5C /* Debug */,
				45961ADD2019DAF600EF5B5C /* Release */,
			);
			defaultConfigurationIsVisible = 0;
			defaultConfigurationName = Release;
		};
		45961AFD2019DB0200EF5B5C /* Build configuration list for PBXNativeTarget "data" */ = {
			isa = XCConfigurationList;
			buildConfigurations = (
				45961AFE2019DB0200EF5B5C /* Debug */,
				45961AFF2019DB0200EF5B5C /* Release */,
			);
			defaultConfigurationIsVisible = 0;
			defaultConfigurationName = Release;
		};
		45961B002019DB0200EF5B5C /* Build configuration list for PBXNativeTarget "dataTests" */ = {
			isa = XCConfigurationList;
			buildConfigurations = (
				45961B012019DB0200EF5B5C /* Debug */,
				45961B022019DB0200EF5B5C /* Release */,
			);
			defaultConfigurationIsVisible = 0;
			defaultConfigurationName = Release;
		};
/* End XCConfigurationList section */

/* Begin XCVersionGroup section */
		4514556F201A147400939DC0 /* Model.xcdatamodeld */ = {
			isa = XCVersionGroup;
			children = (
				45145570201A147400939DC0 /* Model.xcdatamodel */,
			);
			currentVersion = 45145570201A147400939DC0 /* Model.xcdatamodel */;
			path = Model.xcdatamodeld;
			sourceTree = "<group>";
			versionGroupType = wrapper.xcdatamodel;
		};
/* End XCVersionGroup section */
	};
	rootObject = 4532F01A2019D804003BB701 /* Project object */;
}
